// !$*UTF8*$!
{
	archiveVersion = 1;
	classes = {
	};
	objectVersion = 50;
	objects = {

/* Begin PBXBuildFile section */
		6504B5212A60EE7700B1D482 /* AppDelegate.swift in Sources */ = {isa = PBXBuildFile; fileRef = 6504B5202A60EE7700B1D482 /* AppDelegate.swift */; };
		6504B52A2A60EE7700B1D482 /* Assets.xcassets in Resources */ = {isa = PBXBuildFile; fileRef = 6504B5292A60EE7700B1D482 /* Assets.xcassets */; };
		6504B52D2A60EE7700B1D482 /* LaunchScreen.storyboard in Resources */ = {isa = PBXBuildFile; fileRef = 6504B52B2A60EE7700B1D482 /* LaunchScreen.storyboard */; };
		6504B5382A60EE7700B1D482 /* Reference_iOS_Project_SwiftTests.swift in Sources */ = {isa = PBXBuildFile; fileRef = 6504B5372A60EE7700B1D482 /* Reference_iOS_Project_SwiftTests.swift */; };
		6504B5432A60EE7700B1D482 /* Reference_iOS_Project_SwiftUITests.swift in Sources */ = {isa = PBXBuildFile; fileRef = 6504B5422A60EE7700B1D482 /* Reference_iOS_Project_SwiftUITests.swift */; };
		650814112A61097100242F55 /* LocationViewController.swift in Sources */ = {isa = PBXBuildFile; fileRef = 6508140C2A61097100242F55 /* LocationViewController.swift */; };
		650814122A61097100242F55 /* LocationInteractor.swift in Sources */ = {isa = PBXBuildFile; fileRef = 6508140D2A61097100242F55 /* LocationInteractor.swift */; };
		650814132A61097100242F55 /* LocationInterface.swift in Sources */ = {isa = PBXBuildFile; fileRef = 6508140E2A61097100242F55 /* LocationInterface.swift */; };
		650814142A61097100242F55 /* LocationPresenter.swift in Sources */ = {isa = PBXBuildFile; fileRef = 6508140F2A61097100242F55 /* LocationPresenter.swift */; };
		650814152A61097100242F55 /* LocationConfigurator.swift in Sources */ = {isa = PBXBuildFile; fileRef = 650814102A61097100242F55 /* LocationConfigurator.swift */; };
		650814242A6109A000242F55 /* FeatureConfigurator.swift in Sources */ = {isa = PBXBuildFile; fileRef = 650814202A6109A000242F55 /* FeatureConfigurator.swift */; };
		650814252A6109A000242F55 /* BundleProvider.swift in Sources */ = {isa = PBXBuildFile; fileRef = 650814212A6109A000242F55 /* BundleProvider.swift */; };
		650814262A6109A000242F55 /* Helper.swift in Sources */ = {isa = PBXBuildFile; fileRef = 650814222A6109A000242F55 /* Helper.swift */; };
		650814272A6109A000242F55 /* Navigator.swift in Sources */ = {isa = PBXBuildFile; fileRef = 650814232A6109A000242F55 /* Navigator.swift */; };
		650814292A6109BF00242F55 /* NetworkManager.swift in Sources */ = {isa = PBXBuildFile; fileRef = 650814282A6109BF00242F55 /* NetworkManager.swift */; };
		6508142E2A6109CA00242F55 /* GetWeatherResponse.swift in Sources */ = {isa = PBXBuildFile; fileRef = 6508142C2A6109C900242F55 /* GetWeatherResponse.swift */; };
		6508142F2A6109CA00242F55 /* GetCityResponse.swift in Sources */ = {isa = PBXBuildFile; fileRef = 6508142D2A6109C900242F55 /* GetCityResponse.swift */; };
		65984FED2A6320620058F69E /* LocationModel.swift in Sources */ = {isa = PBXBuildFile; fileRef = 65984FEC2A6320620058F69E /* LocationModel.swift */; };
		65984FEF2A6327330058F69E /* Mock.bundle in Resources */ = {isa = PBXBuildFile; fileRef = 65984FEE2A6327330058F69E /* Mock.bundle */; };
		659850042A63B8280058F69E /* WeatherPresenter.swift in Sources */ = {isa = PBXBuildFile; fileRef = 65984FFF2A63B8280058F69E /* WeatherPresenter.swift */; };
		659850052A63B8280058F69E /* WeatherViewController.swift in Sources */ = {isa = PBXBuildFile; fileRef = 659850002A63B8280058F69E /* WeatherViewController.swift */; };
		659850062A63B8280058F69E /* WeatherInteractor.swift in Sources */ = {isa = PBXBuildFile; fileRef = 659850012A63B8280058F69E /* WeatherInteractor.swift */; };
		659850072A63B8280058F69E /* WeatherConfigurator.swift in Sources */ = {isa = PBXBuildFile; fileRef = 659850022A63B8280058F69E /* WeatherConfigurator.swift */; };
		659850082A63B8280058F69E /* WeatherInterface.swift in Sources */ = {isa = PBXBuildFile; fileRef = 659850032A63B8280058F69E /* WeatherInterface.swift */; };
		6598500F2A63DC9C0058F69E /* UIView+Extension.swift in Sources */ = {isa = PBXBuildFile; fileRef = 6598500E2A63DC9C0058F69E /* UIView+Extension.swift */; };
		65AD81872A64BA910026218D /* UIView+NSLayoutConstraint.swift in Sources */ = {isa = PBXBuildFile; fileRef = 65AD81862A64BA910026218D /* UIView+NSLayoutConstraint.swift */; };
		65EF33642A660A6200992D1C /* UIColor+Extension.swift in Sources */ = {isa = PBXBuildFile; fileRef = 65EF33632A660A6200992D1C /* UIColor+Extension.swift */; };
		65EF33752A66CB9000992D1C /* UIColor+Theme.swift in Sources */ = {isa = PBXBuildFile; fileRef = 65EF33742A66CB9000992D1C /* UIColor+Theme.swift */; };
		65EF337A2A66CC1400992D1C /* UIImageView+Extension.swift in Sources */ = {isa = PBXBuildFile; fileRef = 65EF33792A66CC1400992D1C /* UIImageView+Extension.swift */; };
		65EF337F2A66CC2B00992D1C /* UIStackView+Extension.swift in Sources */ = {isa = PBXBuildFile; fileRef = 65EF337E2A66CC2A00992D1C /* UIStackView+Extension.swift */; };
		65EF33872A66CD4600992D1C /* BaseViewController.swift in Sources */ = {isa = PBXBuildFile; fileRef = 65EF33862A66CD4600992D1C /* BaseViewController.swift */; };
/* End PBXBuildFile section */

/* Begin PBXContainerItemProxy section */
		6504B5342A60EE7700B1D482 /* PBXContainerItemProxy */ = {
			isa = PBXContainerItemProxy;
			containerPortal = 6504B5152A60EE7700B1D482 /* Project object */;
			proxyType = 1;
			remoteGlobalIDString = 6504B51C2A60EE7700B1D482;
			remoteInfo = "Reference-iOS-Project-Swift";
		};
		6504B53F2A60EE7700B1D482 /* PBXContainerItemProxy */ = {
			isa = PBXContainerItemProxy;
			containerPortal = 6504B5152A60EE7700B1D482 /* Project object */;
			proxyType = 1;
			remoteGlobalIDString = 6504B51C2A60EE7700B1D482;
			remoteInfo = "Reference-iOS-Project-Swift";
		};
/* End PBXContainerItemProxy section */

/* Begin PBXFileReference section */
		6504B51D2A60EE7700B1D482 /* Reference Project.app */ = {isa = PBXFileReference; explicitFileType = wrapper.application; includeInIndex = 0; path = "Reference Project.app"; sourceTree = BUILT_PRODUCTS_DIR; };
		6504B5202A60EE7700B1D482 /* AppDelegate.swift */ = {isa = PBXFileReference; lastKnownFileType = sourcecode.swift; path = AppDelegate.swift; sourceTree = "<group>"; };
		6504B5292A60EE7700B1D482 /* Assets.xcassets */ = {isa = PBXFileReference; lastKnownFileType = folder.assetcatalog; path = Assets.xcassets; sourceTree = "<group>"; };
		6504B52C2A60EE7700B1D482 /* Base */ = {isa = PBXFileReference; lastKnownFileType = file.storyboard; name = Base; path = Base.lproj/LaunchScreen.storyboard; sourceTree = "<group>"; };
		6504B52E2A60EE7700B1D482 /* Info.plist */ = {isa = PBXFileReference; lastKnownFileType = text.plist.xml; path = Info.plist; sourceTree = "<group>"; };
		6504B5332A60EE7700B1D482 /* Reference-iOS-Project-SwiftTests.xctest */ = {isa = PBXFileReference; explicitFileType = wrapper.cfbundle; includeInIndex = 0; path = "Reference-iOS-Project-SwiftTests.xctest"; sourceTree = BUILT_PRODUCTS_DIR; };
		6504B5372A60EE7700B1D482 /* Reference_iOS_Project_SwiftTests.swift */ = {isa = PBXFileReference; lastKnownFileType = sourcecode.swift; path = Reference_iOS_Project_SwiftTests.swift; sourceTree = "<group>"; };
		6504B5392A60EE7700B1D482 /* Info.plist */ = {isa = PBXFileReference; lastKnownFileType = text.plist.xml; path = Info.plist; sourceTree = "<group>"; };
		6504B53E2A60EE7700B1D482 /* Reference-iOS-Project-SwiftUITests.xctest */ = {isa = PBXFileReference; explicitFileType = wrapper.cfbundle; includeInIndex = 0; path = "Reference-iOS-Project-SwiftUITests.xctest"; sourceTree = BUILT_PRODUCTS_DIR; };
		6504B5422A60EE7700B1D482 /* Reference_iOS_Project_SwiftUITests.swift */ = {isa = PBXFileReference; lastKnownFileType = sourcecode.swift; path = Reference_iOS_Project_SwiftUITests.swift; sourceTree = "<group>"; };
		6504B5442A60EE7700B1D482 /* Info.plist */ = {isa = PBXFileReference; lastKnownFileType = text.plist.xml; path = Info.plist; sourceTree = "<group>"; };
		6508140C2A61097100242F55 /* LocationViewController.swift */ = {isa = PBXFileReference; fileEncoding = 4; lastKnownFileType = sourcecode.swift; path = LocationViewController.swift; sourceTree = "<group>"; };
		6508140D2A61097100242F55 /* LocationInteractor.swift */ = {isa = PBXFileReference; fileEncoding = 4; lastKnownFileType = sourcecode.swift; path = LocationInteractor.swift; sourceTree = "<group>"; };
		6508140E2A61097100242F55 /* LocationInterface.swift */ = {isa = PBXFileReference; fileEncoding = 4; lastKnownFileType = sourcecode.swift; path = LocationInterface.swift; sourceTree = "<group>"; };
		6508140F2A61097100242F55 /* LocationPresenter.swift */ = {isa = PBXFileReference; fileEncoding = 4; lastKnownFileType = sourcecode.swift; path = LocationPresenter.swift; sourceTree = "<group>"; };
		650814102A61097100242F55 /* LocationConfigurator.swift */ = {isa = PBXFileReference; fileEncoding = 4; lastKnownFileType = sourcecode.swift; path = LocationConfigurator.swift; sourceTree = "<group>"; };
		650814202A6109A000242F55 /* FeatureConfigurator.swift */ = {isa = PBXFileReference; fileEncoding = 4; lastKnownFileType = sourcecode.swift; path = FeatureConfigurator.swift; sourceTree = "<group>"; };
		650814212A6109A000242F55 /* BundleProvider.swift */ = {isa = PBXFileReference; fileEncoding = 4; lastKnownFileType = sourcecode.swift; path = BundleProvider.swift; sourceTree = "<group>"; };
		650814222A6109A000242F55 /* Helper.swift */ = {isa = PBXFileReference; fileEncoding = 4; lastKnownFileType = sourcecode.swift; path = Helper.swift; sourceTree = "<group>"; };
		650814232A6109A000242F55 /* Navigator.swift */ = {isa = PBXFileReference; fileEncoding = 4; lastKnownFileType = sourcecode.swift; path = Navigator.swift; sourceTree = "<group>"; };
		650814282A6109BF00242F55 /* NetworkManager.swift */ = {isa = PBXFileReference; fileEncoding = 4; lastKnownFileType = sourcecode.swift; path = NetworkManager.swift; sourceTree = "<group>"; };
		6508142C2A6109C900242F55 /* GetWeatherResponse.swift */ = {isa = PBXFileReference; fileEncoding = 4; lastKnownFileType = sourcecode.swift; path = GetWeatherResponse.swift; sourceTree = "<group>"; };
		6508142D2A6109C900242F55 /* GetCityResponse.swift */ = {isa = PBXFileReference; fileEncoding = 4; lastKnownFileType = sourcecode.swift; path = GetCityResponse.swift; sourceTree = "<group>"; };
		65984FEC2A6320620058F69E /* LocationModel.swift */ = {isa = PBXFileReference; lastKnownFileType = sourcecode.swift; path = LocationModel.swift; sourceTree = "<group>"; };
		65984FEE2A6327330058F69E /* Mock.bundle */ = {isa = PBXFileReference; lastKnownFileType = "wrapper.plug-in"; path = Mock.bundle; sourceTree = "<group>"; };
		65984FFF2A63B8280058F69E /* WeatherPresenter.swift */ = {isa = PBXFileReference; fileEncoding = 4; lastKnownFileType = sourcecode.swift; path = WeatherPresenter.swift; sourceTree = "<group>"; };
		659850002A63B8280058F69E /* WeatherViewController.swift */ = {isa = PBXFileReference; fileEncoding = 4; lastKnownFileType = sourcecode.swift; path = WeatherViewController.swift; sourceTree = "<group>"; };
		659850012A63B8280058F69E /* WeatherInteractor.swift */ = {isa = PBXFileReference; fileEncoding = 4; lastKnownFileType = sourcecode.swift; path = WeatherInteractor.swift; sourceTree = "<group>"; };
		659850022A63B8280058F69E /* WeatherConfigurator.swift */ = {isa = PBXFileReference; fileEncoding = 4; lastKnownFileType = sourcecode.swift; path = WeatherConfigurator.swift; sourceTree = "<group>"; };
		659850032A63B8280058F69E /* WeatherInterface.swift */ = {isa = PBXFileReference; fileEncoding = 4; lastKnownFileType = sourcecode.swift; path = WeatherInterface.swift; sourceTree = "<group>"; };
		6598500E2A63DC9C0058F69E /* UIView+Extension.swift */ = {isa = PBXFileReference; lastKnownFileType = sourcecode.swift; path = "UIView+Extension.swift"; sourceTree = "<group>"; };
		65AD81862A64BA910026218D /* UIView+NSLayoutConstraint.swift */ = {isa = PBXFileReference; lastKnownFileType = sourcecode.swift; path = "UIView+NSLayoutConstraint.swift"; sourceTree = "<group>"; };
		65EF33632A660A6200992D1C /* UIColor+Extension.swift */ = {isa = PBXFileReference; lastKnownFileType = sourcecode.swift; path = "UIColor+Extension.swift"; sourceTree = "<group>"; };
		65EF33742A66CB9000992D1C /* UIColor+Theme.swift */ = {isa = PBXFileReference; lastKnownFileType = sourcecode.swift; path = "UIColor+Theme.swift"; sourceTree = "<group>"; };
		65EF33792A66CC1400992D1C /* UIImageView+Extension.swift */ = {isa = PBXFileReference; lastKnownFileType = sourcecode.swift; path = "UIImageView+Extension.swift"; sourceTree = "<group>"; };
		65EF337E2A66CC2A00992D1C /* UIStackView+Extension.swift */ = {isa = PBXFileReference; lastKnownFileType = sourcecode.swift; path = "UIStackView+Extension.swift"; sourceTree = "<group>"; };
		65EF33862A66CD4600992D1C /* BaseViewController.swift */ = {isa = PBXFileReference; lastKnownFileType = sourcecode.swift; path = BaseViewController.swift; sourceTree = "<group>"; };
/* End PBXFileReference section */

/* Begin PBXFrameworksBuildPhase section */
		6504B51A2A60EE7700B1D482 /* Frameworks */ = {
			isa = PBXFrameworksBuildPhase;
			buildActionMask = 2147483647;
			files = (
			);
			runOnlyForDeploymentPostprocessing = 0;
		};
		6504B5302A60EE7700B1D482 /* Frameworks */ = {
			isa = PBXFrameworksBuildPhase;
			buildActionMask = 2147483647;
			files = (
			);
			runOnlyForDeploymentPostprocessing = 0;
		};
		6504B53B2A60EE7700B1D482 /* Frameworks */ = {
			isa = PBXFrameworksBuildPhase;
			buildActionMask = 2147483647;
			files = (
			);
			runOnlyForDeploymentPostprocessing = 0;
		};
/* End PBXFrameworksBuildPhase section */

/* Begin PBXGroup section */
		6504B5142A60EE7700B1D482 = {
			isa = PBXGroup;
			children = (
				6504B51F2A60EE7700B1D482 /* Reference-iOS-Project-Swift */,
				6504B5362A60EE7700B1D482 /* Reference-iOS-Project-SwiftTests */,
				6504B5412A60EE7700B1D482 /* Reference-iOS-Project-SwiftUITests */,
				6504B51E2A60EE7700B1D482 /* Products */,
			);
			sourceTree = "<group>";
		};
		6504B51E2A60EE7700B1D482 /* Products */ = {
			isa = PBXGroup;
			children = (
				6504B51D2A60EE7700B1D482 /* Reference Project.app */,
				6504B5332A60EE7700B1D482 /* Reference-iOS-Project-SwiftTests.xctest */,
				6504B53E2A60EE7700B1D482 /* Reference-iOS-Project-SwiftUITests.xctest */,
			);
			name = Products;
			sourceTree = "<group>";
		};
		6504B51F2A60EE7700B1D482 /* Reference-iOS-Project-Swift */ = {
			isa = PBXGroup;
			children = (
				6504B5202A60EE7700B1D482 /* AppDelegate.swift */,
				6504B52E2A60EE7700B1D482 /* Info.plist */,
				650813C32A60FFFC00242F55 /* Reference */,
				650813C62A61002A00242F55 /* Resources */,
			);
			path = "Reference-iOS-Project-Swift";
			sourceTree = "<group>";
		};
		6504B5362A60EE7700B1D482 /* Reference-iOS-Project-SwiftTests */ = {
			isa = PBXGroup;
			children = (
				6504B5372A60EE7700B1D482 /* Reference_iOS_Project_SwiftTests.swift */,
				6504B5392A60EE7700B1D482 /* Info.plist */,
			);
			path = "Reference-iOS-Project-SwiftTests";
			sourceTree = "<group>";
		};
		6504B5412A60EE7700B1D482 /* Reference-iOS-Project-SwiftUITests */ = {
			isa = PBXGroup;
			children = (
				6504B5422A60EE7700B1D482 /* Reference_iOS_Project_SwiftUITests.swift */,
				6504B5442A60EE7700B1D482 /* Info.plist */,
			);
			path = "Reference-iOS-Project-SwiftUITests";
			sourceTree = "<group>";
		};
		650813C32A60FFFC00242F55 /* Reference */ = {
			isa = PBXGroup;
			children = (
				650813D12A6102C400242F55 /* Common */,
				650813D02A6102BA00242F55 /* Extension */,
				650813CF2A6102B100242F55 /* Feature */,
				650813D22A6102CB00242F55 /* Networking */,
				650813CE2A6102AB00242F55 /* Utils */,
				650813CD2A6102A200242F55 /* Vendor */,
			);
			path = Reference;
			sourceTree = "<group>";
		};
		650813C62A61002A00242F55 /* Resources */ = {
			isa = PBXGroup;
			children = (
				6504B5292A60EE7700B1D482 /* Assets.xcassets */,
				6504B52B2A60EE7700B1D482 /* LaunchScreen.storyboard */,
				65984FEE2A6327330058F69E /* Mock.bundle */,
			);
			path = Resources;
			sourceTree = "<group>";
		};
		650813CD2A6102A200242F55 /* Vendor */ = {
			isa = PBXGroup;
			children = (
				65EF336B2A66CAFF00992D1C /* UIKit+Extension */,
			);
			path = Vendor;
			sourceTree = "<group>";
		};
		650813CE2A6102AB00242F55 /* Utils */ = {
			isa = PBXGroup;
			children = (
				650814212A6109A000242F55 /* BundleProvider.swift */,
				650814222A6109A000242F55 /* Helper.swift */,
				650814232A6109A000242F55 /* Navigator.swift */,
			);
			path = Utils;
			sourceTree = "<group>";
		};
		650813CF2A6102B100242F55 /* Feature */ = {
			isa = PBXGroup;
			children = (
				650813D62A61055100242F55 /* Location */,
				65984FF12A63B2C50058F69E /* Weather */,
			);
			path = Feature;
			sourceTree = "<group>";
		};
		650813D02A6102BA00242F55 /* Extension */ = {
			isa = PBXGroup;
			children = (
				65EF33742A66CB9000992D1C /* UIColor+Theme.swift */,
			);
			path = Extension;
			sourceTree = "<group>";
		};
		650813D12A6102C400242F55 /* Common */ = {
			isa = PBXGroup;
			children = (
				65EF33862A66CD4600992D1C /* BaseViewController.swift */,
				650814202A6109A000242F55 /* FeatureConfigurator.swift */,
			);
			path = Common;
			sourceTree = "<group>";
		};
		650813D22A6102CB00242F55 /* Networking */ = {
			isa = PBXGroup;
			children = (
				650814282A6109BF00242F55 /* NetworkManager.swift */,
				6508142A2A6109C900242F55 /* Request */,
				6508142B2A6109C900242F55 /* Response */,
			);
			path = Networking;
			sourceTree = "<group>";
		};
		650813D62A61055100242F55 /* Location */ = {
			isa = PBXGroup;
			children = (
				650814102A61097100242F55 /* LocationConfigurator.swift */,
				6508140D2A61097100242F55 /* LocationInteractor.swift */,
				6508140E2A61097100242F55 /* LocationInterface.swift */,
				65984FEC2A6320620058F69E /* LocationModel.swift */,
				6508140F2A61097100242F55 /* LocationPresenter.swift */,
				6508140C2A61097100242F55 /* LocationViewController.swift */,
			);
			path = Location;
			sourceTree = "<group>";
		};
		6508142A2A6109C900242F55 /* Request */ = {
			isa = PBXGroup;
			children = (
			);
			path = Request;
			sourceTree = "<group>";
		};
		6508142B2A6109C900242F55 /* Response */ = {
			isa = PBXGroup;
			children = (
				6508142D2A6109C900242F55 /* GetCityResponse.swift */,
				6508142C2A6109C900242F55 /* GetWeatherResponse.swift */,
			);
			path = Response;
			sourceTree = "<group>";
		};
		65984FF12A63B2C50058F69E /* Weather */ = {
			isa = PBXGroup;
			children = (
				659850022A63B8280058F69E /* WeatherConfigurator.swift */,
				659850012A63B8280058F69E /* WeatherInteractor.swift */,
				659850032A63B8280058F69E /* WeatherInterface.swift */,
				65984FFF2A63B8280058F69E /* WeatherPresenter.swift */,
				659850002A63B8280058F69E /* WeatherViewController.swift */,
			);
			path = Weather;
			sourceTree = "<group>";
		};
		65EF336B2A66CAFF00992D1C /* UIKit+Extension */ = {
			isa = PBXGroup;
			children = (
				65EF33632A660A6200992D1C /* UIColor+Extension.swift */,
				65EF33792A66CC1400992D1C /* UIImageView+Extension.swift */,
				65EF337E2A66CC2A00992D1C /* UIStackView+Extension.swift */,
				6598500E2A63DC9C0058F69E /* UIView+Extension.swift */,
				65AD81862A64BA910026218D /* UIView+NSLayoutConstraint.swift */,
			);
			path = "UIKit+Extension";
			sourceTree = "<group>";
		};
/* End PBXGroup section */

/* Begin PBXNativeTarget section */
		6504B51C2A60EE7700B1D482 /* Reference-iOS-Project-Swift */ = {
			isa = PBXNativeTarget;
			buildConfigurationList = 6504B5472A60EE7700B1D482 /* Build configuration list for PBXNativeTarget "Reference-iOS-Project-Swift" */;
			buildPhases = (
				6504B5192A60EE7700B1D482 /* Sources */,
				6504B51A2A60EE7700B1D482 /* Frameworks */,
				6504B51B2A60EE7700B1D482 /* Resources */,
			);
			buildRules = (
			);
			dependencies = (
			);
			name = "Reference-iOS-Project-Swift";
			productName = "Reference-iOS-Project-Swift";
			productReference = 6504B51D2A60EE7700B1D482 /* Reference Project.app */;
			productType = "com.apple.product-type.application";
		};
		6504B5322A60EE7700B1D482 /* Reference-iOS-Project-SwiftTests */ = {
			isa = PBXNativeTarget;
			buildConfigurationList = 6504B54A2A60EE7700B1D482 /* Build configuration list for PBXNativeTarget "Reference-iOS-Project-SwiftTests" */;
			buildPhases = (
				6504B52F2A60EE7700B1D482 /* Sources */,
				6504B5302A60EE7700B1D482 /* Frameworks */,
				6504B5312A60EE7700B1D482 /* Resources */,
			);
			buildRules = (
			);
			dependencies = (
				6504B5352A60EE7700B1D482 /* PBXTargetDependency */,
			);
			name = "Reference-iOS-Project-SwiftTests";
			productName = "Reference-iOS-Project-SwiftTests";
			productReference = 6504B5332A60EE7700B1D482 /* Reference-iOS-Project-SwiftTests.xctest */;
			productType = "com.apple.product-type.bundle.unit-test";
		};
		6504B53D2A60EE7700B1D482 /* Reference-iOS-Project-SwiftUITests */ = {
			isa = PBXNativeTarget;
			buildConfigurationList = 6504B54D2A60EE7700B1D482 /* Build configuration list for PBXNativeTarget "Reference-iOS-Project-SwiftUITests" */;
			buildPhases = (
				6504B53A2A60EE7700B1D482 /* Sources */,
				6504B53B2A60EE7700B1D482 /* Frameworks */,
				6504B53C2A60EE7700B1D482 /* Resources */,
			);
			buildRules = (
			);
			dependencies = (
				6504B5402A60EE7700B1D482 /* PBXTargetDependency */,
			);
			name = "Reference-iOS-Project-SwiftUITests";
			productName = "Reference-iOS-Project-SwiftUITests";
			productReference = 6504B53E2A60EE7700B1D482 /* Reference-iOS-Project-SwiftUITests.xctest */;
			productType = "com.apple.product-type.bundle.ui-testing";
		};
/* End PBXNativeTarget section */

/* Begin PBXProject section */
		6504B5152A60EE7700B1D482 /* Project object */ = {
			isa = PBXProject;
			attributes = {
				LastSwiftUpdateCheck = 1130;
				LastUpgradeCheck = 1130;
				ORGANIZATIONNAME = Fay;
				TargetAttributes = {
					6504B51C2A60EE7700B1D482 = {
						CreatedOnToolsVersion = 11.3.1;
					};
					6504B5322A60EE7700B1D482 = {
						CreatedOnToolsVersion = 11.3.1;
						TestTargetID = 6504B51C2A60EE7700B1D482;
					};
					6504B53D2A60EE7700B1D482 = {
						CreatedOnToolsVersion = 11.3.1;
						TestTargetID = 6504B51C2A60EE7700B1D482;
					};
				};
			};
			buildConfigurationList = 6504B5182A60EE7700B1D482 /* Build configuration list for PBXProject "Reference-iOS-Project-Swift" */;
			compatibilityVersion = "Xcode 9.3";
			developmentRegion = en;
			hasScannedForEncodings = 0;
			knownRegions = (
				en,
				Base,
			);
			mainGroup = 6504B5142A60EE7700B1D482;
			productRefGroup = 6504B51E2A60EE7700B1D482 /* Products */;
			projectDirPath = "";
			projectRoot = "";
			targets = (
				6504B51C2A60EE7700B1D482 /* Reference-iOS-Project-Swift */,
				6504B5322A60EE7700B1D482 /* Reference-iOS-Project-SwiftTests */,
				6504B53D2A60EE7700B1D482 /* Reference-iOS-Project-SwiftUITests */,
			);
		};
/* End PBXProject section */

/* Begin PBXResourcesBuildPhase section */
		6504B51B2A60EE7700B1D482 /* Resources */ = {
			isa = PBXResourcesBuildPhase;
			buildActionMask = 2147483647;
			files = (
				6504B52D2A60EE7700B1D482 /* LaunchScreen.storyboard in Resources */,
				65984FEF2A6327330058F69E /* Mock.bundle in Resources */,
				6504B52A2A60EE7700B1D482 /* Assets.xcassets in Resources */,
			);
			runOnlyForDeploymentPostprocessing = 0;
		};
		6504B5312A60EE7700B1D482 /* Resources */ = {
			isa = PBXResourcesBuildPhase;
			buildActionMask = 2147483647;
			files = (
			);
			runOnlyForDeploymentPostprocessing = 0;
		};
		6504B53C2A60EE7700B1D482 /* Resources */ = {
			isa = PBXResourcesBuildPhase;
			buildActionMask = 2147483647;
			files = (
			);
			runOnlyForDeploymentPostprocessing = 0;
		};
/* End PBXResourcesBuildPhase section */

/* Begin PBXSourcesBuildPhase section */
		6504B5192A60EE7700B1D482 /* Sources */ = {
			isa = PBXSourcesBuildPhase;
			buildActionMask = 2147483647;
			files = (
				6508142F2A6109CA00242F55 /* GetCityResponse.swift in Sources */,
				659850082A63B8280058F69E /* WeatherInterface.swift in Sources */,
				650814262A6109A000242F55 /* Helper.swift in Sources */,
				65EF33642A660A6200992D1C /* UIColor+Extension.swift in Sources */,
				659850052A63B8280058F69E /* WeatherViewController.swift in Sources */,
				650814132A61097100242F55 /* LocationInterface.swift in Sources */,
				659850042A63B8280058F69E /* WeatherPresenter.swift in Sources */,
				65AD81872A64BA910026218D /* UIView+NSLayoutConstraint.swift in Sources */,
				65EF337F2A66CC2B00992D1C /* UIStackView+Extension.swift in Sources */,
				650814292A6109BF00242F55 /* NetworkManager.swift in Sources */,
				650814242A6109A000242F55 /* FeatureConfigurator.swift in Sources */,
				6504B5212A60EE7700B1D482 /* AppDelegate.swift in Sources */,
				650814252A6109A000242F55 /* BundleProvider.swift in Sources */,
				65EF33872A66CD4600992D1C /* BaseViewController.swift in Sources */,
				659850062A63B8280058F69E /* WeatherInteractor.swift in Sources */,
				650814142A61097100242F55 /* LocationPresenter.swift in Sources */,
				65984FED2A6320620058F69E /* LocationModel.swift in Sources */,
				650814152A61097100242F55 /* LocationConfigurator.swift in Sources */,
				65EF33752A66CB9000992D1C /* UIColor+Theme.swift in Sources */,
				650814112A61097100242F55 /* LocationViewController.swift in Sources */,
				65EF337A2A66CC1400992D1C /* UIImageView+Extension.swift in Sources */,
				650814272A6109A000242F55 /* Navigator.swift in Sources */,
				659850072A63B8280058F69E /* WeatherConfigurator.swift in Sources */,
				650814122A61097100242F55 /* LocationInteractor.swift in Sources */,
				6598500F2A63DC9C0058F69E /* UIView+Extension.swift in Sources */,
				6508142E2A6109CA00242F55 /* GetWeatherResponse.swift in Sources */,
			);
			runOnlyForDeploymentPostprocessing = 0;
		};
		6504B52F2A60EE7700B1D482 /* Sources */ = {
			isa = PBXSourcesBuildPhase;
			buildActionMask = 2147483647;
			files = (
				6504B5382A60EE7700B1D482 /* Reference_iOS_Project_SwiftTests.swift in Sources */,
			);
			runOnlyForDeploymentPostprocessing = 0;
		};
		6504B53A2A60EE7700B1D482 /* Sources */ = {
			isa = PBXSourcesBuildPhase;
			buildActionMask = 2147483647;
			files = (
				6504B5432A60EE7700B1D482 /* Reference_iOS_Project_SwiftUITests.swift in Sources */,
			);
			runOnlyForDeploymentPostprocessing = 0;
		};
/* End PBXSourcesBuildPhase section */

/* Begin PBXTargetDependency section */
		6504B5352A60EE7700B1D482 /* PBXTargetDependency */ = {
			isa = PBXTargetDependency;
			target = 6504B51C2A60EE7700B1D482 /* Reference-iOS-Project-Swift */;
			targetProxy = 6504B5342A60EE7700B1D482 /* PBXContainerItemProxy */;
		};
		6504B5402A60EE7700B1D482 /* PBXTargetDependency */ = {
			isa = PBXTargetDependency;
			target = 6504B51C2A60EE7700B1D482 /* Reference-iOS-Project-Swift */;
			targetProxy = 6504B53F2A60EE7700B1D482 /* PBXContainerItemProxy */;
		};
/* End PBXTargetDependency section */

/* Begin PBXVariantGroup section */
		6504B52B2A60EE7700B1D482 /* LaunchScreen.storyboard */ = {
			isa = PBXVariantGroup;
			children = (
				6504B52C2A60EE7700B1D482 /* Base */,
			);
			name = LaunchScreen.storyboard;
			sourceTree = "<group>";
		};
/* End PBXVariantGroup section */

/* Begin XCBuildConfiguration section */
		6504B5452A60EE7700B1D482 /* Debug */ = {
			isa = XCBuildConfiguration;
			buildSettings = {
				ALWAYS_SEARCH_USER_PATHS = NO;
				CLANG_ANALYZER_NONNULL = YES;
				CLANG_ANALYZER_NUMBER_OBJECT_CONVERSION = YES_AGGRESSIVE;
				CLANG_CXX_LANGUAGE_STANDARD = "gnu++14";
				CLANG_CXX_LIBRARY = "libc++";
				CLANG_ENABLE_MODULES = YES;
				CLANG_ENABLE_OBJC_ARC = YES;
				CLANG_ENABLE_OBJC_WEAK = YES;
				CLANG_WARN_BLOCK_CAPTURE_AUTORELEASING = YES;
				CLANG_WARN_BOOL_CONVERSION = YES;
				CLANG_WARN_COMMA = YES;
				CLANG_WARN_CONSTANT_CONVERSION = YES;
				CLANG_WARN_DEPRECATED_OBJC_IMPLEMENTATIONS = YES;
				CLANG_WARN_DIRECT_OBJC_ISA_USAGE = YES_ERROR;
				CLANG_WARN_DOCUMENTATION_COMMENTS = YES;
				CLANG_WARN_EMPTY_BODY = YES;
				CLANG_WARN_ENUM_CONVERSION = YES;
				CLANG_WARN_INFINITE_RECURSION = YES;
				CLANG_WARN_INT_CONVERSION = YES;
				CLANG_WARN_NON_LITERAL_NULL_CONVERSION = YES;
				CLANG_WARN_OBJC_IMPLICIT_RETAIN_SELF = YES;
				CLANG_WARN_OBJC_LITERAL_CONVERSION = YES;
				CLANG_WARN_OBJC_ROOT_CLASS = YES_ERROR;
				CLANG_WARN_RANGE_LOOP_ANALYSIS = YES;
				CLANG_WARN_STRICT_PROTOTYPES = YES;
				CLANG_WARN_SUSPICIOUS_MOVE = YES;
				CLANG_WARN_UNGUARDED_AVAILABILITY = YES_AGGRESSIVE;
				CLANG_WARN_UNREACHABLE_CODE = YES;
				CLANG_WARN__DUPLICATE_METHOD_MATCH = YES;
				COPY_PHASE_STRIP = NO;
				DEBUG_INFORMATION_FORMAT = dwarf;
				ENABLE_STRICT_OBJC_MSGSEND = YES;
				ENABLE_TESTABILITY = YES;
				GCC_C_LANGUAGE_STANDARD = gnu11;
				GCC_DYNAMIC_NO_PIC = NO;
				GCC_NO_COMMON_BLOCKS = YES;
				GCC_OPTIMIZATION_LEVEL = 0;
				GCC_PREPROCESSOR_DEFINITIONS = (
					"DEBUG=1",
					"$(inherited)",
				);
				GCC_WARN_64_TO_32_BIT_CONVERSION = YES;
				GCC_WARN_ABOUT_RETURN_TYPE = YES_ERROR;
				GCC_WARN_UNDECLARED_SELECTOR = YES;
				GCC_WARN_UNINITIALIZED_AUTOS = YES_AGGRESSIVE;
				GCC_WARN_UNUSED_FUNCTION = YES;
				GCC_WARN_UNUSED_VARIABLE = YES;
				IPHONEOS_DEPLOYMENT_TARGET = 13.2;
				MTL_ENABLE_DEBUG_INFO = INCLUDE_SOURCE;
				MTL_FAST_MATH = YES;
				ONLY_ACTIVE_ARCH = YES;
				SDKROOT = iphoneos;
				SWIFT_ACTIVE_COMPILATION_CONDITIONS = DEBUG;
				SWIFT_OPTIMIZATION_LEVEL = "-Onone";
			};
			name = Debug;
		};
		6504B5462A60EE7700B1D482 /* Release */ = {
			isa = XCBuildConfiguration;
			buildSettings = {
				ALWAYS_SEARCH_USER_PATHS = NO;
				CLANG_ANALYZER_NONNULL = YES;
				CLANG_ANALYZER_NUMBER_OBJECT_CONVERSION = YES_AGGRESSIVE;
				CLANG_CXX_LANGUAGE_STANDARD = "gnu++14";
				CLANG_CXX_LIBRARY = "libc++";
				CLANG_ENABLE_MODULES = YES;
				CLANG_ENABLE_OBJC_ARC = YES;
				CLANG_ENABLE_OBJC_WEAK = YES;
				CLANG_WARN_BLOCK_CAPTURE_AUTORELEASING = YES;
				CLANG_WARN_BOOL_CONVERSION = YES;
				CLANG_WARN_COMMA = YES;
				CLANG_WARN_CONSTANT_CONVERSION = YES;
				CLANG_WARN_DEPRECATED_OBJC_IMPLEMENTATIONS = YES;
				CLANG_WARN_DIRECT_OBJC_ISA_USAGE = YES_ERROR;
				CLANG_WARN_DOCUMENTATION_COMMENTS = YES;
				CLANG_WARN_EMPTY_BODY = YES;
				CLANG_WARN_ENUM_CONVERSION = YES;
				CLANG_WARN_INFINITE_RECURSION = YES;
				CLANG_WARN_INT_CONVERSION = YES;
				CLANG_WARN_NON_LITERAL_NULL_CONVERSION = YES;
				CLANG_WARN_OBJC_IMPLICIT_RETAIN_SELF = YES;
				CLANG_WARN_OBJC_LITERAL_CONVERSION = YES;
				CLANG_WARN_OBJC_ROOT_CLASS = YES_ERROR;
				CLANG_WARN_RANGE_LOOP_ANALYSIS = YES;
				CLANG_WARN_STRICT_PROTOTYPES = YES;
				CLANG_WARN_SUSPICIOUS_MOVE = YES;
				CLANG_WARN_UNGUARDED_AVAILABILITY = YES_AGGRESSIVE;
				CLANG_WARN_UNREACHABLE_CODE = YES;
				CLANG_WARN__DUPLICATE_METHOD_MATCH = YES;
				COPY_PHASE_STRIP = NO;
				DEBUG_INFORMATION_FORMAT = "dwarf-with-dsym";
				ENABLE_NS_ASSERTIONS = NO;
				ENABLE_STRICT_OBJC_MSGSEND = YES;
				GCC_C_LANGUAGE_STANDARD = gnu11;
				GCC_NO_COMMON_BLOCKS = YES;
				GCC_WARN_64_TO_32_BIT_CONVERSION = YES;
				GCC_WARN_ABOUT_RETURN_TYPE = YES_ERROR;
				GCC_WARN_UNDECLARED_SELECTOR = YES;
				GCC_WARN_UNINITIALIZED_AUTOS = YES_AGGRESSIVE;
				GCC_WARN_UNUSED_FUNCTION = YES;
				GCC_WARN_UNUSED_VARIABLE = YES;
				IPHONEOS_DEPLOYMENT_TARGET = 13.2;
				MTL_ENABLE_DEBUG_INFO = NO;
				MTL_FAST_MATH = YES;
				SDKROOT = iphoneos;
				SWIFT_COMPILATION_MODE = wholemodule;
				SWIFT_OPTIMIZATION_LEVEL = "-O";
				VALIDATE_PRODUCT = YES;
			};
			name = Release;
		};
		6504B5482A60EE7700B1D482 /* Debug */ = {
			isa = XCBuildConfiguration;
			buildSettings = {
				ASSETCATALOG_COMPILER_APPICON_NAME = AppIcon;
				CODE_SIGN_STYLE = Automatic;
				INFOPLIST_FILE = "Reference-iOS-Project-Swift/Info.plist";
				LD_RUNPATH_SEARCH_PATHS = (
					"$(inherited)",
					"@executable_path/Frameworks",
				);
				PRODUCT_BUNDLE_IDENTIFIER = xyz.fay.reference;
				PRODUCT_NAME = "Reference Project";
				SWIFT_VERSION = 5.0;
				TARGETED_DEVICE_FAMILY = 1;
			};
			name = Debug;
		};
		6504B5492A60EE7700B1D482 /* Release */ = {
			isa = XCBuildConfiguration;
			buildSettings = {
				ASSETCATALOG_COMPILER_APPICON_NAME = AppIcon;
				CODE_SIGN_STYLE = Automatic;
				INFOPLIST_FILE = "Reference-iOS-Project-Swift/Info.plist";
				LD_RUNPATH_SEARCH_PATHS = (
					"$(inherited)",
					"@executable_path/Frameworks",
				);
				PRODUCT_BUNDLE_IDENTIFIER = xyz.fay.reference;
				PRODUCT_NAME = "Reference Project";
				SWIFT_VERSION = 5.0;
				TARGETED_DEVICE_FAMILY = 1;
			};
			name = Release;
		};
		6504B54B2A60EE7700B1D482 /* Debug */ = {
			isa = XCBuildConfiguration;
			buildSettings = {
				ALWAYS_EMBED_SWIFT_STANDARD_LIBRARIES = YES;
				BUNDLE_LOADER = "$(TEST_HOST)";
				CODE_SIGN_STYLE = Automatic;
				INFOPLIST_FILE = "Reference-iOS-Project-SwiftTests/Info.plist";
				IPHONEOS_DEPLOYMENT_TARGET = 13.2;
				LD_RUNPATH_SEARCH_PATHS = (
					"$(inherited)",
					"@executable_path/Frameworks",
					"@loader_path/Frameworks",
				);
				PRODUCT_BUNDLE_IDENTIFIER = "xyz.fay.Reference-iOS-Project-SwiftTests";
				PRODUCT_NAME = "$(TARGET_NAME)";
				SWIFT_VERSION = 5.0;
				TARGETED_DEVICE_FAMILY = "1,2";
				TEST_HOST = "$(BUILT_PRODUCTS_DIR)/Reference-iOS-Project-Swift.app/Reference-iOS-Project-Swift";
			};
			name = Debug;
		};
		6504B54C2A60EE7700B1D482 /* Release */ = {
			isa = XCBuildConfiguration;
			buildSettings = {
				ALWAYS_EMBED_SWIFT_STANDARD_LIBRARIES = YES;
				BUNDLE_LOADER = "$(TEST_HOST)";
				CODE_SIGN_STYLE = Automatic;
				INFOPLIST_FILE = "Reference-iOS-Project-SwiftTests/Info.plist";
				IPHONEOS_DEPLOYMENT_TARGET = 13.2;
				LD_RUNPATH_SEARCH_PATHS = (
					"$(inherited)",
					"@executable_path/Frameworks",
					"@loader_path/Frameworks",
				);
				PRODUCT_BUNDLE_IDENTIFIER = "xyz.fay.Reference-iOS-Project-SwiftTests";
				PRODUCT_NAME = "$(TARGET_NAME)";
				SWIFT_VERSION = 5.0;
				TARGETED_DEVICE_FAMILY = "1,2";
				TEST_HOST = "$(BUILT_PRODUCTS_DIR)/Reference-iOS-Project-Swift.app/Reference-iOS-Project-Swift";
			};
			name = Release;
		};
		6504B54E2A60EE7700B1D482 /* Debug */ = {
			isa = XCBuildConfiguration;
			buildSettings = {
				ALWAYS_EMBED_SWIFT_STANDARD_LIBRARIES = YES;
				CODE_SIGN_STYLE = Automatic;
				INFOPLIST_FILE = "Reference-iOS-Project-SwiftUITests/Info.plist";
				LD_RUNPATH_SEARCH_PATHS = (
					"$(inherited)",
					"@executable_path/Frameworks",
					"@loader_path/Frameworks",
				);
				PRODUCT_BUNDLE_IDENTIFIER = "xyz.fay.Reference-iOS-Project-SwiftUITests";
				PRODUCT_NAME = "$(TARGET_NAME)";
				SWIFT_VERSION = 5.0;
				TARGETED_DEVICE_FAMILY = "1,2";
				TEST_TARGET_NAME = "Reference-iOS-Project-Swift";
			};
			name = Debug;
		};
		6504B54F2A60EE7700B1D482 /* Release */ = {
			isa = XCBuildConfiguration;
			buildSettings = {
				ALWAYS_EMBED_SWIFT_STANDARD_LIBRARIES = YES;
				CODE_SIGN_STYLE = Automatic;
				INFOPLIST_FILE = "Reference-iOS-Project-SwiftUITests/Info.plist";
				LD_RUNPATH_SEARCH_PATHS = (
					"$(inherited)",
					"@executable_path/Frameworks",
					"@loader_path/Frameworks",
				);
				PRODUCT_BUNDLE_IDENTIFIER = "xyz.fay.Reference-iOS-Project-SwiftUITests";
				PRODUCT_NAME = "$(TARGET_NAME)";
				SWIFT_VERSION = 5.0;
				TARGETED_DEVICE_FAMILY = "1,2";
				TEST_TARGET_NAME = "Reference-iOS-Project-Swift";
			};
			name = Release;
		};
/* End XCBuildConfiguration section */

/* Begin XCConfigurationList section */
		6504B5182A60EE7700B1D482 /* Build configuration list for PBXProject "Reference-iOS-Project-Swift" */ = {
			isa = XCConfigurationList;
			buildConfigurations = (
				6504B5452A60EE7700B1D482 /* Debug */,
				6504B5462A60EE7700B1D482 /* Release */,
			);
			defaultConfigurationIsVisible = 0;
			defaultConfigurationName = Release;
		};
		6504B5472A60EE7700B1D482 /* Build configuration list for PBXNativeTarget "Reference-iOS-Project-Swift" */ = {
			isa = XCConfigurationList;
			buildConfigurations = (
				6504B5482A60EE7700B1D482 /* Debug */,
				6504B5492A60EE7700B1D482 /* Release */,
			);
			defaultConfigurationIsVisible = 0;
			defaultConfigurationName = Release;
		};
		6504B54A2A60EE7700B1D482 /* Build configuration list for PBXNativeTarget "Reference-iOS-Project-SwiftTests" */ = {
			isa = XCConfigurationList;
			buildConfigurations = (
				6504B54B2A60EE7700B1D482 /* Debug */,
				6504B54C2A60EE7700B1D482 /* Release */,
			);
			defaultConfigurationIsVisible = 0;
			defaultConfigurationName = Release;
		};
		6504B54D2A60EE7700B1D482 /* Build configuration list for PBXNativeTarget "Reference-iOS-Project-SwiftUITests" */ = {
			isa = XCConfigurationList;
			buildConfigurations = (
				6504B54E2A60EE7700B1D482 /* Debug */,
				6504B54F2A60EE7700B1D482 /* Release */,
			);
			defaultConfigurationIsVisible = 0;
			defaultConfigurationName = Release;
		};
/* End XCConfigurationList section */
	};
	rootObject = 6504B5152A60EE7700B1D482 /* Project object */;
}
