// !$*UTF8*$!
{
	archiveVersion = 1;
	classes = {
	};
	objectVersion = 50;
	objects = {

/* Begin PBXBuildFile section */
		6504B4E12A60EE4A00B1D482 /* AppDelegate.m in Sources */ = {isa = PBXBuildFile; fileRef = 6504B4E02A60EE4A00B1D482 /* AppDelegate.m */; };
		6504B4EC2A60EE4B00B1D482 /* Assets.xcassets in Resources */ = {isa = PBXBuildFile; fileRef = 6504B4EB2A60EE4B00B1D482 /* Assets.xcassets */; };
		6504B4EF2A60EE4B00B1D482 /* LaunchScreen.storyboard in Resources */ = {isa = PBXBuildFile; fileRef = 6504B4ED2A60EE4B00B1D482 /* LaunchScreen.storyboard */; };
		6504B4F22A60EE4B00B1D482 /* main.m in Sources */ = {isa = PBXBuildFile; fileRef = 6504B4F12A60EE4B00B1D482 /* main.m */; };
		6504B4FC2A60EE4B00B1D482 /* Reference_iOS_Project_ObjCTests.m in Sources */ = {isa = PBXBuildFile; fileRef = 6504B4FB2A60EE4B00B1D482 /* Reference_iOS_Project_ObjCTests.m */; };
		6504B5072A60EE4B00B1D482 /* Reference_iOS_Project_ObjCUITests.m in Sources */ = {isa = PBXBuildFile; fileRef = 6504B5062A60EE4B00B1D482 /* Reference_iOS_Project_ObjCUITests.m */; };
		650813ED2A6106A300242F55 /* FRLocationConfigurator.m in Sources */ = {isa = PBXBuildFile; fileRef = 650813E82A6106A300242F55 /* FRLocationConfigurator.m */; };
		650813EE2A6106A300242F55 /* FRLocationViewController.m in Sources */ = {isa = PBXBuildFile; fileRef = 650813E92A6106A300242F55 /* FRLocationViewController.m */; };
		650813EF2A6106A300242F55 /* FRLocationPresenter.m in Sources */ = {isa = PBXBuildFile; fileRef = 650813EA2A6106A300242F55 /* FRLocationPresenter.m */; };
		650813F02A6106A300242F55 /* FRLocationInteractor.m in Sources */ = {isa = PBXBuildFile; fileRef = 650813EB2A6106A300242F55 /* FRLocationInteractor.m */; };
		650813F82A61071E00242F55 /* FRNavigator.m in Sources */ = {isa = PBXBuildFile; fileRef = 650813F22A61071E00242F55 /* FRNavigator.m */; };
		650813F92A61071E00242F55 /* FRBundleProvider.m in Sources */ = {isa = PBXBuildFile; fileRef = 650813F32A61071E00242F55 /* FRBundleProvider.m */; };
		650813FA2A61071E00242F55 /* FRHelper.m in Sources */ = {isa = PBXBuildFile; fileRef = 650813F62A61071E00242F55 /* FRHelper.m */; };
		650814012A61074F00242F55 /* FRNetworkManager.m in Sources */ = {isa = PBXBuildFile; fileRef = 650813FE2A61074F00242F55 /* FRNetworkManager.m */; };
		6508140B2A61079D00242F55 /* Mock.bundle in Resources */ = {isa = PBXBuildFile; fileRef = 6508140A2A61079D00242F55 /* Mock.bundle */; };
		650814322A6142DE00242F55 /* UIColor+FRExtension.m in Sources */ = {isa = PBXBuildFile; fileRef = 650814312A6142DE00242F55 /* UIColor+FRExtension.m */; };
		650814352A61439B00242F55 /* UIColor+FRTheme.m in Sources */ = {isa = PBXBuildFile; fileRef = 650814342A61439B00242F55 /* UIColor+FRTheme.m */; };
		650814382A6151E200242F55 /* NSObject+JSONModel.m in Sources */ = {isa = PBXBuildFile; fileRef = 650814362A6151E200242F55 /* NSObject+JSONModel.m */; };
		655138F02A71621F0033F68D /* FRImageProvider.m in Sources */ = {isa = PBXBuildFile; fileRef = 655138EF2A71621F0033F68D /* FRImageProvider.m */; };
		655D80022A66DC0F006BCA74 /* UIImageView+FRExtension.m in Sources */ = {isa = PBXBuildFile; fileRef = 655D80012A66DC0F006BCA74 /* UIImageView+FRExtension.m */; };
		655D80082A66DC1F006BCA74 /* UIStackView+FRExtension.m in Sources */ = {isa = PBXBuildFile; fileRef = 655D80072A66DC1F006BCA74 /* UIStackView+FRExtension.m */; };
		655D800F2A66DC60006BCA74 /* UIView+CGRect.m in Sources */ = {isa = PBXBuildFile; fileRef = 655D800E2A66DC60006BCA74 /* UIView+CGRect.m */; };
		655D80572A66EB25006BCA74 /* FRWeatherDashboardItem.m in Sources */ = {isa = PBXBuildFile; fileRef = 655D80562A66EB25006BCA74 /* FRWeatherDashboardItem.m */; };
		655D806D2A66F24A006BCA74 /* UILabel+FRExtension.m in Sources */ = {isa = PBXBuildFile; fileRef = 655D806C2A66F24A006BCA74 /* UILabel+FRExtension.m */; };
		6589F2F02A708B2B001DC7F3 /* FRWeatherListItem.m in Sources */ = {isa = PBXBuildFile; fileRef = 6589F2EF2A708B2B001DC7F3 /* FRWeatherListItem.m */; };
		6589F2F62A708B6E001DC7F3 /* FRWeatherListItemCell.m in Sources */ = {isa = PBXBuildFile; fileRef = 6589F2F52A708B6E001DC7F3 /* FRWeatherListItemCell.m */; };
		65984FEB2A6303D90058F69E /* FRLocationDataModel.m in Sources */ = {isa = PBXBuildFile; fileRef = 65984FEA2A6303D90058F69E /* FRLocationDataModel.m */; };
		65984FFB2A63B7F70058F69E /* FRWeatherPresenter.m in Sources */ = {isa = PBXBuildFile; fileRef = 65984FF42A63B7F60058F69E /* FRWeatherPresenter.m */; };
		65984FFC2A63B7F70058F69E /* FRWeatherInteractor.m in Sources */ = {isa = PBXBuildFile; fileRef = 65984FF62A63B7F60058F69E /* FRWeatherInteractor.m */; };
		65984FFD2A63B7F70058F69E /* FRWeatherViewController.m in Sources */ = {isa = PBXBuildFile; fileRef = 65984FF72A63B7F60058F69E /* FRWeatherViewController.m */; };
		65984FFE2A63B7F70058F69E /* FRWeatherConfigurator.m in Sources */ = {isa = PBXBuildFile; fileRef = 65984FFA2A63B7F70058F69E /* FRWeatherConfigurator.m */; };
		659850122A63DDCA0058F69E /* UIView+FRExtension.m in Sources */ = {isa = PBXBuildFile; fileRef = 659850112A63DDCA0058F69E /* UIView+FRExtension.m */; };
		659850182A63E8B20058F69E /* UIView+NSLayoutConstraint.m in Sources */ = {isa = PBXBuildFile; fileRef = 659850162A63E8B20058F69E /* UIView+NSLayoutConstraint.m */; };
		6598501E2A63F1EE0058F69E /* FRBaseViewController.m in Sources */ = {isa = PBXBuildFile; fileRef = 6598501D2A63F1EE0058F69E /* FRBaseViewController.m */; };
		65D3F8F82A66F9AB00522C5A /* FRWeatherDataModel.m in Sources */ = {isa = PBXBuildFile; fileRef = 65D3F8F72A66F9AB00522C5A /* FRWeatherDataModel.m */; };
		65D3F9432A671B5D00522C5A /* UIFont+FRTheme.m in Sources */ = {isa = PBXBuildFile; fileRef = 65D3F9422A671B5D00522C5A /* UIFont+FRTheme.m */; };
		65D3F95D2A672DA100522C5A /* NSArray+FRExtension.m in Sources */ = {isa = PBXBuildFile; fileRef = 65D3F95C2A672DA100522C5A /* NSArray+FRExtension.m */; };
		65E4D6D92A726C3100D1A8FD /* FRGetLivesWeatherResponse.m in Sources */ = {isa = PBXBuildFile; fileRef = 65E4D6D52A726C3100D1A8FD /* FRGetLivesWeatherResponse.m */; };
		65E4D6DA2A726C3100D1A8FD /* FRGetForecastsWeatherResponse.m in Sources */ = {isa = PBXBuildFile; fileRef = 65E4D6D62A726C3100D1A8FD /* FRGetForecastsWeatherResponse.m */; };
		65E4D6F52A72776B00D1A8FD /* FRGetCityListResponse.m in Sources */ = {isa = PBXBuildFile; fileRef = 65E4D6F42A72776B00D1A8FD /* FRGetCityListResponse.m */; };
/* End PBXBuildFile section */

/* Begin PBXContainerItemProxy section */
		6504B4F82A60EE4B00B1D482 /* PBXContainerItemProxy */ = {
			isa = PBXContainerItemProxy;
			containerPortal = 6504B4D42A60EE4A00B1D482 /* Project object */;
			proxyType = 1;
			remoteGlobalIDString = 6504B4DB2A60EE4A00B1D482;
			remoteInfo = "Reference-iOS-Project-ObjC";
		};
		6504B5032A60EE4B00B1D482 /* PBXContainerItemProxy */ = {
			isa = PBXContainerItemProxy;
			containerPortal = 6504B4D42A60EE4A00B1D482 /* Project object */;
			proxyType = 1;
			remoteGlobalIDString = 6504B4DB2A60EE4A00B1D482;
			remoteInfo = "Reference-iOS-Project-ObjC";
		};
/* End PBXContainerItemProxy section */

/* Begin PBXFileReference section */
		6504B4DC2A60EE4A00B1D482 /* Reference Project.app */ = {isa = PBXFileReference; explicitFileType = wrapper.application; includeInIndex = 0; path = "Reference Project.app"; sourceTree = BUILT_PRODUCTS_DIR; };
		6504B4DF2A60EE4A00B1D482 /* AppDelegate.h */ = {isa = PBXFileReference; lastKnownFileType = sourcecode.c.h; path = AppDelegate.h; sourceTree = "<group>"; };
		6504B4E02A60EE4A00B1D482 /* AppDelegate.m */ = {isa = PBXFileReference; lastKnownFileType = sourcecode.c.objc; path = AppDelegate.m; sourceTree = "<group>"; };
		6504B4EB2A60EE4B00B1D482 /* Assets.xcassets */ = {isa = PBXFileReference; lastKnownFileType = folder.assetcatalog; path = Assets.xcassets; sourceTree = "<group>"; };
		6504B4EE2A60EE4B00B1D482 /* Base */ = {isa = PBXFileReference; lastKnownFileType = file.storyboard; name = Base; path = Base.lproj/LaunchScreen.storyboard; sourceTree = "<group>"; };
		6504B4F02A60EE4B00B1D482 /* Info.plist */ = {isa = PBXFileReference; lastKnownFileType = text.plist.xml; path = Info.plist; sourceTree = "<group>"; };
		6504B4F12A60EE4B00B1D482 /* main.m */ = {isa = PBXFileReference; lastKnownFileType = sourcecode.c.objc; path = main.m; sourceTree = "<group>"; };
		6504B4F72A60EE4B00B1D482 /* Reference-iOS-Project-ObjCTests.xctest */ = {isa = PBXFileReference; explicitFileType = wrapper.cfbundle; includeInIndex = 0; path = "Reference-iOS-Project-ObjCTests.xctest"; sourceTree = BUILT_PRODUCTS_DIR; };
		6504B4FB2A60EE4B00B1D482 /* Reference_iOS_Project_ObjCTests.m */ = {isa = PBXFileReference; lastKnownFileType = sourcecode.c.objc; path = Reference_iOS_Project_ObjCTests.m; sourceTree = "<group>"; };
		6504B4FD2A60EE4B00B1D482 /* Info.plist */ = {isa = PBXFileReference; lastKnownFileType = text.plist.xml; path = Info.plist; sourceTree = "<group>"; };
		6504B5022A60EE4B00B1D482 /* Reference-iOS-Project-ObjCUITests.xctest */ = {isa = PBXFileReference; explicitFileType = wrapper.cfbundle; includeInIndex = 0; path = "Reference-iOS-Project-ObjCUITests.xctest"; sourceTree = BUILT_PRODUCTS_DIR; };
		6504B5062A60EE4B00B1D482 /* Reference_iOS_Project_ObjCUITests.m */ = {isa = PBXFileReference; lastKnownFileType = sourcecode.c.objc; path = Reference_iOS_Project_ObjCUITests.m; sourceTree = "<group>"; };
		6504B5082A60EE4B00B1D482 /* Info.plist */ = {isa = PBXFileReference; lastKnownFileType = text.plist.xml; path = Info.plist; sourceTree = "<group>"; };
		650813E42A6106A200242F55 /* FRLocationConfigurator.h */ = {isa = PBXFileReference; fileEncoding = 4; lastKnownFileType = sourcecode.c.h; path = FRLocationConfigurator.h; sourceTree = "<group>"; };
		650813E52A6106A300242F55 /* FRLocationPresenter.h */ = {isa = PBXFileReference; fileEncoding = 4; lastKnownFileType = sourcecode.c.h; path = FRLocationPresenter.h; sourceTree = "<group>"; };
		650813E62A6106A300242F55 /* FRLocationInterface.h */ = {isa = PBXFileReference; fileEncoding = 4; lastKnownFileType = sourcecode.c.h; path = FRLocationInterface.h; sourceTree = "<group>"; };
		650813E72A6106A300242F55 /* FRLocationViewController.h */ = {isa = PBXFileReference; fileEncoding = 4; lastKnownFileType = sourcecode.c.h; path = FRLocationViewController.h; sourceTree = "<group>"; };
		650813E82A6106A300242F55 /* FRLocationConfigurator.m */ = {isa = PBXFileReference; fileEncoding = 4; lastKnownFileType = sourcecode.c.objc; path = FRLocationConfigurator.m; sourceTree = "<group>"; };
		650813E92A6106A300242F55 /* FRLocationViewController.m */ = {isa = PBXFileReference; fileEncoding = 4; lastKnownFileType = sourcecode.c.objc; path = FRLocationViewController.m; sourceTree = "<group>"; };
		650813EA2A6106A300242F55 /* FRLocationPresenter.m */ = {isa = PBXFileReference; fileEncoding = 4; lastKnownFileType = sourcecode.c.objc; path = FRLocationPresenter.m; sourceTree = "<group>"; };
		650813EB2A6106A300242F55 /* FRLocationInteractor.m */ = {isa = PBXFileReference; fileEncoding = 4; lastKnownFileType = sourcecode.c.objc; path = FRLocationInteractor.m; sourceTree = "<group>"; };
		650813EC2A6106A300242F55 /* FRLocationInteractor.h */ = {isa = PBXFileReference; fileEncoding = 4; lastKnownFileType = sourcecode.c.h; path = FRLocationInteractor.h; sourceTree = "<group>"; };
		650813F12A61071E00242F55 /* FRHelper.h */ = {isa = PBXFileReference; fileEncoding = 4; lastKnownFileType = sourcecode.c.h; path = FRHelper.h; sourceTree = "<group>"; };
		650813F22A61071E00242F55 /* FRNavigator.m */ = {isa = PBXFileReference; fileEncoding = 4; lastKnownFileType = sourcecode.c.objc; path = FRNavigator.m; sourceTree = "<group>"; };
		650813F32A61071E00242F55 /* FRBundleProvider.m */ = {isa = PBXFileReference; fileEncoding = 4; lastKnownFileType = sourcecode.c.objc; path = FRBundleProvider.m; sourceTree = "<group>"; };
		650813F42A61071E00242F55 /* FRNavigator.h */ = {isa = PBXFileReference; fileEncoding = 4; lastKnownFileType = sourcecode.c.h; path = FRNavigator.h; sourceTree = "<group>"; };
		650813F52A61071E00242F55 /* FRBundleProvider.h */ = {isa = PBXFileReference; fileEncoding = 4; lastKnownFileType = sourcecode.c.h; path = FRBundleProvider.h; sourceTree = "<group>"; };
		650813F62A61071E00242F55 /* FRHelper.m */ = {isa = PBXFileReference; fileEncoding = 4; lastKnownFileType = sourcecode.c.objc; path = FRHelper.m; sourceTree = "<group>"; };
		650813F72A61071E00242F55 /* FRFeatureConfigurator.h */ = {isa = PBXFileReference; fileEncoding = 4; lastKnownFileType = sourcecode.c.h; path = FRFeatureConfigurator.h; sourceTree = "<group>"; };
		650813FC2A61074F00242F55 /* FRNetworkManager.h */ = {isa = PBXFileReference; fileEncoding = 4; lastKnownFileType = sourcecode.c.h; path = FRNetworkManager.h; sourceTree = "<group>"; };
		650813FE2A61074F00242F55 /* FRNetworkManager.m */ = {isa = PBXFileReference; fileEncoding = 4; lastKnownFileType = sourcecode.c.objc; path = FRNetworkManager.m; sourceTree = "<group>"; };
		6508140A2A61079D00242F55 /* Mock.bundle */ = {isa = PBXFileReference; lastKnownFileType = "wrapper.plug-in"; path = Mock.bundle; sourceTree = "<group>"; };
		650814302A6142DE00242F55 /* UIColor+FRExtension.h */ = {isa = PBXFileReference; lastKnownFileType = sourcecode.c.h; path = "UIColor+FRExtension.h"; sourceTree = "<group>"; };
		650814312A6142DE00242F55 /* UIColor+FRExtension.m */ = {isa = PBXFileReference; lastKnownFileType = sourcecode.c.objc; path = "UIColor+FRExtension.m"; sourceTree = "<group>"; };
		650814332A61439B00242F55 /* UIColor+FRTheme.h */ = {isa = PBXFileReference; lastKnownFileType = sourcecode.c.h; path = "UIColor+FRTheme.h"; sourceTree = "<group>"; };
		650814342A61439B00242F55 /* UIColor+FRTheme.m */ = {isa = PBXFileReference; lastKnownFileType = sourcecode.c.objc; path = "UIColor+FRTheme.m"; sourceTree = "<group>"; };
		650814362A6151E200242F55 /* NSObject+JSONModel.m */ = {isa = PBXFileReference; fileEncoding = 4; lastKnownFileType = sourcecode.c.objc; path = "NSObject+JSONModel.m"; sourceTree = "<group>"; };
		650814372A6151E200242F55 /* NSObject+JSONModel.h */ = {isa = PBXFileReference; fileEncoding = 4; lastKnownFileType = sourcecode.c.h; path = "NSObject+JSONModel.h"; sourceTree = "<group>"; };
		655138EE2A71621F0033F68D /* FRImageProvider.h */ = {isa = PBXFileReference; lastKnownFileType = sourcecode.c.h; path = FRImageProvider.h; sourceTree = "<group>"; };
		655138EF2A71621F0033F68D /* FRImageProvider.m */ = {isa = PBXFileReference; lastKnownFileType = sourcecode.c.objc; path = FRImageProvider.m; sourceTree = "<group>"; };
		655D80002A66DC0F006BCA74 /* UIImageView+FRExtension.h */ = {isa = PBXFileReference; lastKnownFileType = sourcecode.c.h; path = "UIImageView+FRExtension.h"; sourceTree = "<group>"; };
		655D80012A66DC0F006BCA74 /* UIImageView+FRExtension.m */ = {isa = PBXFileReference; lastKnownFileType = sourcecode.c.objc; path = "UIImageView+FRExtension.m"; sourceTree = "<group>"; };
		655D80062A66DC1F006BCA74 /* UIStackView+FRExtension.h */ = {isa = PBXFileReference; lastKnownFileType = sourcecode.c.h; path = "UIStackView+FRExtension.h"; sourceTree = "<group>"; };
		655D80072A66DC1F006BCA74 /* UIStackView+FRExtension.m */ = {isa = PBXFileReference; lastKnownFileType = sourcecode.c.objc; path = "UIStackView+FRExtension.m"; sourceTree = "<group>"; };
		655D800C2A66DC3D006BCA74 /* UIKit+FRExtension.h */ = {isa = PBXFileReference; lastKnownFileType = sourcecode.c.h; path = "UIKit+FRExtension.h"; sourceTree = "<group>"; };
		655D800D2A66DC60006BCA74 /* UIView+CGRect.h */ = {isa = PBXFileReference; lastKnownFileType = sourcecode.c.h; path = "UIView+CGRect.h"; sourceTree = "<group>"; };
		655D800E2A66DC60006BCA74 /* UIView+CGRect.m */ = {isa = PBXFileReference; lastKnownFileType = sourcecode.c.objc; path = "UIView+CGRect.m"; sourceTree = "<group>"; };
		655D80552A66EB25006BCA74 /* FRWeatherDashboardItem.h */ = {isa = PBXFileReference; lastKnownFileType = sourcecode.c.h; path = FRWeatherDashboardItem.h; sourceTree = "<group>"; };
		655D80562A66EB25006BCA74 /* FRWeatherDashboardItem.m */ = {isa = PBXFileReference; lastKnownFileType = sourcecode.c.objc; path = FRWeatherDashboardItem.m; sourceTree = "<group>"; };
		655D806B2A66F24A006BCA74 /* UILabel+FRExtension.h */ = {isa = PBXFileReference; lastKnownFileType = sourcecode.c.h; path = "UILabel+FRExtension.h"; sourceTree = "<group>"; };
		655D806C2A66F24A006BCA74 /* UILabel+FRExtension.m */ = {isa = PBXFileReference; lastKnownFileType = sourcecode.c.objc; path = "UILabel+FRExtension.m"; sourceTree = "<group>"; };
		6589F2EE2A708B2B001DC7F3 /* FRWeatherListItem.h */ = {isa = PBXFileReference; lastKnownFileType = sourcecode.c.h; path = FRWeatherListItem.h; sourceTree = "<group>"; };
		6589F2EF2A708B2B001DC7F3 /* FRWeatherListItem.m */ = {isa = PBXFileReference; lastKnownFileType = sourcecode.c.objc; path = FRWeatherListItem.m; sourceTree = "<group>"; };
		6589F2F42A708B6E001DC7F3 /* FRWeatherListItemCell.h */ = {isa = PBXFileReference; lastKnownFileType = sourcecode.c.h; path = FRWeatherListItemCell.h; sourceTree = "<group>"; };
		6589F2F52A708B6E001DC7F3 /* FRWeatherListItemCell.m */ = {isa = PBXFileReference; lastKnownFileType = sourcecode.c.objc; path = FRWeatherListItemCell.m; sourceTree = "<group>"; };
		65984FE92A6303D90058F69E /* FRLocationDataModel.h */ = {isa = PBXFileReference; lastKnownFileType = sourcecode.c.h; path = FRLocationDataModel.h; sourceTree = "<group>"; };
		65984FEA2A6303D90058F69E /* FRLocationDataModel.m */ = {isa = PBXFileReference; lastKnownFileType = sourcecode.c.objc; path = FRLocationDataModel.m; sourceTree = "<group>"; };
		65984FF22A63B7F60058F69E /* FRWeatherInterface.h */ = {isa = PBXFileReference; fileEncoding = 4; lastKnownFileType = sourcecode.c.h; path = FRWeatherInterface.h; sourceTree = "<group>"; };
		65984FF32A63B7F60058F69E /* FRWeatherConfigurator.h */ = {isa = PBXFileReference; fileEncoding = 4; lastKnownFileType = sourcecode.c.h; path = FRWeatherConfigurator.h; sourceTree = "<group>"; };
		65984FF42A63B7F60058F69E /* FRWeatherPresenter.m */ = {isa = PBXFileReference; fileEncoding = 4; lastKnownFileType = sourcecode.c.objc; path = FRWeatherPresenter.m; sourceTree = "<group>"; };
		65984FF52A63B7F60058F69E /* FRWeatherViewController.h */ = {isa = PBXFileReference; fileEncoding = 4; lastKnownFileType = sourcecode.c.h; path = FRWeatherViewController.h; sourceTree = "<group>"; };
		65984FF62A63B7F60058F69E /* FRWeatherInteractor.m */ = {isa = PBXFileReference; fileEncoding = 4; lastKnownFileType = sourcecode.c.objc; path = FRWeatherInteractor.m; sourceTree = "<group>"; };
		65984FF72A63B7F60058F69E /* FRWeatherViewController.m */ = {isa = PBXFileReference; fileEncoding = 4; lastKnownFileType = sourcecode.c.objc; path = FRWeatherViewController.m; sourceTree = "<group>"; };
		65984FF82A63B7F60058F69E /* FRWeatherInteractor.h */ = {isa = PBXFileReference; fileEncoding = 4; lastKnownFileType = sourcecode.c.h; path = FRWeatherInteractor.h; sourceTree = "<group>"; };
		65984FF92A63B7F70058F69E /* FRWeatherPresenter.h */ = {isa = PBXFileReference; fileEncoding = 4; lastKnownFileType = sourcecode.c.h; path = FRWeatherPresenter.h; sourceTree = "<group>"; };
		65984FFA2A63B7F70058F69E /* FRWeatherConfigurator.m */ = {isa = PBXFileReference; fileEncoding = 4; lastKnownFileType = sourcecode.c.objc; path = FRWeatherConfigurator.m; sourceTree = "<group>"; };
		659850102A63DDCA0058F69E /* UIView+FRExtension.h */ = {isa = PBXFileReference; lastKnownFileType = sourcecode.c.h; path = "UIView+FRExtension.h"; sourceTree = "<group>"; };
		659850112A63DDCA0058F69E /* UIView+FRExtension.m */ = {isa = PBXFileReference; lastKnownFileType = sourcecode.c.objc; path = "UIView+FRExtension.m"; sourceTree = "<group>"; };
		659850132A63E8B20058F69E /* UIView+NSLayoutConstraint.h */ = {isa = PBXFileReference; fileEncoding = 4; lastKnownFileType = sourcecode.c.h; path = "UIView+NSLayoutConstraint.h"; sourceTree = "<group>"; };
		659850162A63E8B20058F69E /* UIView+NSLayoutConstraint.m */ = {isa = PBXFileReference; fileEncoding = 4; lastKnownFileType = sourcecode.c.objc; path = "UIView+NSLayoutConstraint.m"; sourceTree = "<group>"; };
		6598501C2A63F1EE0058F69E /* FRBaseViewController.h */ = {isa = PBXFileReference; lastKnownFileType = sourcecode.c.h; path = FRBaseViewController.h; sourceTree = "<group>"; };
		6598501D2A63F1EE0058F69E /* FRBaseViewController.m */ = {isa = PBXFileReference; lastKnownFileType = sourcecode.c.objc; path = FRBaseViewController.m; sourceTree = "<group>"; };
		65ACDBA02A686E64008DA5D7 /* UIKit+FRTheme.h */ = {isa = PBXFileReference; lastKnownFileType = sourcecode.c.h; path = "UIKit+FRTheme.h"; sourceTree = "<group>"; };
		65D3F8F62A66F9AB00522C5A /* FRWeatherDataModel.h */ = {isa = PBXFileReference; lastKnownFileType = sourcecode.c.h; path = FRWeatherDataModel.h; sourceTree = "<group>"; };
		65D3F8F72A66F9AB00522C5A /* FRWeatherDataModel.m */ = {isa = PBXFileReference; lastKnownFileType = sourcecode.c.objc; path = FRWeatherDataModel.m; sourceTree = "<group>"; };
		65D3F9412A671B5D00522C5A /* UIFont+FRTheme.h */ = {isa = PBXFileReference; lastKnownFileType = sourcecode.c.h; path = "UIFont+FRTheme.h"; sourceTree = "<group>"; };
		65D3F9422A671B5D00522C5A /* UIFont+FRTheme.m */ = {isa = PBXFileReference; lastKnownFileType = sourcecode.c.objc; path = "UIFont+FRTheme.m"; sourceTree = "<group>"; };
		65D3F95B2A672DA100522C5A /* NSArray+FRExtension.h */ = {isa = PBXFileReference; lastKnownFileType = sourcecode.c.h; path = "NSArray+FRExtension.h"; sourceTree = "<group>"; };
		65D3F95C2A672DA100522C5A /* NSArray+FRExtension.m */ = {isa = PBXFileReference; lastKnownFileType = sourcecode.c.objc; path = "NSArray+FRExtension.m"; sourceTree = "<group>"; };
		65E4D6D52A726C3100D1A8FD /* FRGetLivesWeatherResponse.m */ = {isa = PBXFileReference; fileEncoding = 4; lastKnownFileType = sourcecode.c.objc; path = FRGetLivesWeatherResponse.m; sourceTree = "<group>"; };
		65E4D6D62A726C3100D1A8FD /* FRGetForecastsWeatherResponse.m */ = {isa = PBXFileReference; fileEncoding = 4; lastKnownFileType = sourcecode.c.objc; path = FRGetForecastsWeatherResponse.m; sourceTree = "<group>"; };
		65E4D6D72A726C3100D1A8FD /* FRGetLivesWeatherResponse.h */ = {isa = PBXFileReference; fileEncoding = 4; lastKnownFileType = sourcecode.c.h; path = FRGetLivesWeatherResponse.h; sourceTree = "<group>"; };
		65E4D6D82A726C3100D1A8FD /* FRGetForecastsWeatherResponse.h */ = {isa = PBXFileReference; fileEncoding = 4; lastKnownFileType = sourcecode.c.h; path = FRGetForecastsWeatherResponse.h; sourceTree = "<group>"; };
		65E4D6F32A72776B00D1A8FD /* FRGetCityListResponse.h */ = {isa = PBXFileReference; fileEncoding = 4; lastKnownFileType = sourcecode.c.h; path = FRGetCityListResponse.h; sourceTree = "<group>"; };
		65E4D6F42A72776B00D1A8FD /* FRGetCityListResponse.m */ = {isa = PBXFileReference; fileEncoding = 4; lastKnownFileType = sourcecode.c.objc; path = FRGetCityListResponse.m; sourceTree = "<group>"; };
/* End PBXFileReference section */

/* Begin PBXFrameworksBuildPhase section */
		6504B4D92A60EE4A00B1D482 /* Frameworks */ = {
			isa = PBXFrameworksBuildPhase;
			buildActionMask = 2147483647;
			files = (
			);
			runOnlyForDeploymentPostprocessing = 0;
		};
		6504B4F42A60EE4B00B1D482 /* Frameworks */ = {
			isa = PBXFrameworksBuildPhase;
			buildActionMask = 2147483647;
			files = (
			);
			runOnlyForDeploymentPostprocessing = 0;
		};
		6504B4FF2A60EE4B00B1D482 /* Frameworks */ = {
			isa = PBXFrameworksBuildPhase;
			buildActionMask = 2147483647;
			files = (
			);
			runOnlyForDeploymentPostprocessing = 0;
		};
/* End PBXFrameworksBuildPhase section */

/* Begin PBXGroup section */
		6504B4D32A60EE4A00B1D482 = {
			isa = PBXGroup;
			children = (
				6504B4DE2A60EE4A00B1D482 /* Reference-iOS-Project-ObjC */,
				6504B4FA2A60EE4B00B1D482 /* Reference-iOS-Project-ObjCTests */,
				6504B5052A60EE4B00B1D482 /* Reference-iOS-Project-ObjCUITests */,
				6504B4DD2A60EE4A00B1D482 /* Products */,
			);
			sourceTree = "<group>";
		};
		6504B4DD2A60EE4A00B1D482 /* Products */ = {
			isa = PBXGroup;
			children = (
				6504B4DC2A60EE4A00B1D482 /* Reference Project.app */,
				6504B4F72A60EE4B00B1D482 /* Reference-iOS-Project-ObjCTests.xctest */,
				6504B5022A60EE4B00B1D482 /* Reference-iOS-Project-ObjCUITests.xctest */,
			);
			name = Products;
			sourceTree = "<group>";
		};
		6504B4DE2A60EE4A00B1D482 /* Reference-iOS-Project-ObjC */ = {
			isa = PBXGroup;
			children = (
				6504B4DF2A60EE4A00B1D482 /* AppDelegate.h */,
				6504B4E02A60EE4A00B1D482 /* AppDelegate.m */,
				6504B4F02A60EE4B00B1D482 /* Info.plist */,
				650813C42A61001600242F55 /* Reference */,
				650813C52A61001B00242F55 /* Resources */,
			);
			path = "Reference-iOS-Project-ObjC";
			sourceTree = "<group>";
		};
		6504B4FA2A60EE4B00B1D482 /* Reference-iOS-Project-ObjCTests */ = {
			isa = PBXGroup;
			children = (
				6504B4FB2A60EE4B00B1D482 /* Reference_iOS_Project_ObjCTests.m */,
				6504B4FD2A60EE4B00B1D482 /* Info.plist */,
			);
			path = "Reference-iOS-Project-ObjCTests";
			sourceTree = "<group>";
		};
		6504B5052A60EE4B00B1D482 /* Reference-iOS-Project-ObjCUITests */ = {
			isa = PBXGroup;
			children = (
				6504B5062A60EE4B00B1D482 /* Reference_iOS_Project_ObjCUITests.m */,
				6504B5082A60EE4B00B1D482 /* Info.plist */,
			);
			path = "Reference-iOS-Project-ObjCUITests";
			sourceTree = "<group>";
		};
		650813C42A61001600242F55 /* Reference */ = {
			isa = PBXGroup;
			children = (
				650813C72A61020600242F55 /* Common */,
				650813C82A61020D00242F55 /* Extension */,
				650813CA2A61022F00242F55 /* Feature */,
				650813CB2A61023E00242F55 /* Networking */,
				650813C92A61021900242F55 /* Utils */,
				650813CC2A61025800242F55 /* Vendor */,
			);
			path = Reference;
			sourceTree = "<group>";
		};
		650813C52A61001B00242F55 /* Resources */ = {
			isa = PBXGroup;
			children = (
				6504B4EB2A60EE4B00B1D482 /* Assets.xcassets */,
				6504B4ED2A60EE4B00B1D482 /* LaunchScreen.storyboard */,
				6504B4F12A60EE4B00B1D482 /* main.m */,
				6508140A2A61079D00242F55 /* Mock.bundle */,
			);
			path = Resources;
			sourceTree = "<group>";
		};
		650813C72A61020600242F55 /* Common */ = {
			isa = PBXGroup;
			children = (
				6598501C2A63F1EE0058F69E /* FRBaseViewController.h */,
				6598501D2A63F1EE0058F69E /* FRBaseViewController.m */,
				650813F72A61071E00242F55 /* FRFeatureConfigurator.h */,
			);
			path = Common;
			sourceTree = "<group>";
		};
		650813C82A61020D00242F55 /* Extension */ = {
			isa = PBXGroup;
			children = (
				650814332A61439B00242F55 /* UIColor+FRTheme.h */,
				650814342A61439B00242F55 /* UIColor+FRTheme.m */,
				65D3F9412A671B5D00522C5A /* UIFont+FRTheme.h */,
				65D3F9422A671B5D00522C5A /* UIFont+FRTheme.m */,
				65ACDBA02A686E64008DA5D7 /* UIKit+FRTheme.h */,
			);
			path = Extension;
			sourceTree = "<group>";
		};
		650813C92A61021900242F55 /* Utils */ = {
			isa = PBXGroup;
			children = (
				650813F52A61071E00242F55 /* FRBundleProvider.h */,
				650813F32A61071E00242F55 /* FRBundleProvider.m */,
				650813F12A61071E00242F55 /* FRHelper.h */,
				650813F62A61071E00242F55 /* FRHelper.m */,
				655138EE2A71621F0033F68D /* FRImageProvider.h */,
				655138EF2A71621F0033F68D /* FRImageProvider.m */,
				650813F42A61071E00242F55 /* FRNavigator.h */,
				650813F22A61071E00242F55 /* FRNavigator.m */,
			);
			path = Utils;
			sourceTree = "<group>";
		};
		650813CA2A61022F00242F55 /* Feature */ = {
			isa = PBXGroup;
			children = (
				650813D52A61054900242F55 /* Location */,
				65984FF02A63B2AF0058F69E /* Weather */,
			);
			path = Feature;
			sourceTree = "<group>";
		};
		650813CB2A61023E00242F55 /* Networking */ = {
			isa = PBXGroup;
			children = (
				650813FC2A61074F00242F55 /* FRNetworkManager.h */,
				650813FE2A61074F00242F55 /* FRNetworkManager.m */,
				650814022A61077000242F55 /* Request */,
				650814032A61077B00242F55 /* Response */,
			);
			path = Networking;
			sourceTree = "<group>";
		};
		650813CC2A61025800242F55 /* Vendor */ = {
			isa = PBXGroup;
			children = (
				65ACDBA12A686F2F008DA5D7 /* Foundation+FRExtension */,
				65EF336D2A66CB3A00992D1C /* NSObject+JSONModel */,
				65EF336C2A66CB2B00992D1C /* UIKit+FRExtension */,
			);
			path = Vendor;
			sourceTree = "<group>";
		};
		650813D52A61054900242F55 /* Location */ = {
			isa = PBXGroup;
			children = (
				650813E42A6106A200242F55 /* FRLocationConfigurator.h */,
				650813E82A6106A300242F55 /* FRLocationConfigurator.m */,
				65984FE92A6303D90058F69E /* FRLocationDataModel.h */,
				65984FEA2A6303D90058F69E /* FRLocationDataModel.m */,
				650813EC2A6106A300242F55 /* FRLocationInteractor.h */,
				650813EB2A6106A300242F55 /* FRLocationInteractor.m */,
				650813E62A6106A300242F55 /* FRLocationInterface.h */,
				650813E52A6106A300242F55 /* FRLocationPresenter.h */,
				650813EA2A6106A300242F55 /* FRLocationPresenter.m */,
				650813E72A6106A300242F55 /* FRLocationViewController.h */,
				650813E92A6106A300242F55 /* FRLocationViewController.m */,
			);
			path = Location;
			sourceTree = "<group>";
		};
		650814022A61077000242F55 /* Request */ = {
			isa = PBXGroup;
			children = (
			);
			path = Request;
			sourceTree = "<group>";
		};
		650814032A61077B00242F55 /* Response */ = {
			isa = PBXGroup;
			children = (
				65E4D6F32A72776B00D1A8FD /* FRGetCityListResponse.h */,
				65E4D6F42A72776B00D1A8FD /* FRGetCityListResponse.m */,
				65E4D6D82A726C3100D1A8FD /* FRGetForecastsWeatherResponse.h */,
				65E4D6D62A726C3100D1A8FD /* FRGetForecastsWeatherResponse.m */,
				65E4D6D72A726C3100D1A8FD /* FRGetLivesWeatherResponse.h */,
				65E4D6D52A726C3100D1A8FD /* FRGetLivesWeatherResponse.m */,
			);
			path = Response;
			sourceTree = "<group>";
		};
		65984FF02A63B2AF0058F69E /* Weather */ = {
			isa = PBXGroup;
			children = (
				65984FF32A63B7F60058F69E /* FRWeatherConfigurator.h */,
				65984FFA2A63B7F70058F69E /* FRWeatherConfigurator.m */,
				655D80552A66EB25006BCA74 /* FRWeatherDashboardItem.h */,
				655D80562A66EB25006BCA74 /* FRWeatherDashboardItem.m */,
				65D3F8F62A66F9AB00522C5A /* FRWeatherDataModel.h */,
				65D3F8F72A66F9AB00522C5A /* FRWeatherDataModel.m */,
				65984FF82A63B7F60058F69E /* FRWeatherInteractor.h */,
				65984FF62A63B7F60058F69E /* FRWeatherInteractor.m */,
				65984FF22A63B7F60058F69E /* FRWeatherInterface.h */,
				6589F2EE2A708B2B001DC7F3 /* FRWeatherListItem.h */,
				6589F2EF2A708B2B001DC7F3 /* FRWeatherListItem.m */,
				6589F2F42A708B6E001DC7F3 /* FRWeatherListItemCell.h */,
				6589F2F52A708B6E001DC7F3 /* FRWeatherListItemCell.m */,
				65984FF92A63B7F70058F69E /* FRWeatherPresenter.h */,
				65984FF42A63B7F60058F69E /* FRWeatherPresenter.m */,
				65984FF52A63B7F60058F69E /* FRWeatherViewController.h */,
				65984FF72A63B7F60058F69E /* FRWeatherViewController.m */,
			);
			path = Weather;
			sourceTree = "<group>";
		};
		65ACDBA12A686F2F008DA5D7 /* Foundation+FRExtension */ = {
			isa = PBXGroup;
			children = (
				65D3F95B2A672DA100522C5A /* NSArray+FRExtension.h */,
				65D3F95C2A672DA100522C5A /* NSArray+FRExtension.m */,
			);
			path = "Foundation+FRExtension";
			sourceTree = "<group>";
		};
		65EF336C2A66CB2B00992D1C /* UIKit+FRExtension */ = {
			isa = PBXGroup;
			children = (
				650814302A6142DE00242F55 /* UIColor+FRExtension.h */,
				650814312A6142DE00242F55 /* UIColor+FRExtension.m */,
				655D80002A66DC0F006BCA74 /* UIImageView+FRExtension.h */,
				655D80012A66DC0F006BCA74 /* UIImageView+FRExtension.m */,
				655D800C2A66DC3D006BCA74 /* UIKit+FRExtension.h */,
				655D806B2A66F24A006BCA74 /* UILabel+FRExtension.h */,
				655D806C2A66F24A006BCA74 /* UILabel+FRExtension.m */,
				655D80062A66DC1F006BCA74 /* UIStackView+FRExtension.h */,
				655D80072A66DC1F006BCA74 /* UIStackView+FRExtension.m */,
				655D800D2A66DC60006BCA74 /* UIView+CGRect.h */,
				655D800E2A66DC60006BCA74 /* UIView+CGRect.m */,
				659850102A63DDCA0058F69E /* UIView+FRExtension.h */,
				659850112A63DDCA0058F69E /* UIView+FRExtension.m */,
				659850132A63E8B20058F69E /* UIView+NSLayoutConstraint.h */,
				659850162A63E8B20058F69E /* UIView+NSLayoutConstraint.m */,
			);
			path = "UIKit+FRExtension";
			sourceTree = "<group>";
		};
		65EF336D2A66CB3A00992D1C /* NSObject+JSONModel */ = {
			isa = PBXGroup;
			children = (
				650814372A6151E200242F55 /* NSObject+JSONModel.h */,
				650814362A6151E200242F55 /* NSObject+JSONModel.m */,
			);
			path = "NSObject+JSONModel";
			sourceTree = "<group>";
		};
/* End PBXGroup section */

/* Begin PBXNativeTarget section */
		6504B4DB2A60EE4A00B1D482 /* Reference-iOS-Project-ObjC */ = {
			isa = PBXNativeTarget;
			buildConfigurationList = 6504B50B2A60EE4B00B1D482 /* Build configuration list for PBXNativeTarget "Reference-iOS-Project-ObjC" */;
			buildPhases = (
				6504B4D82A60EE4A00B1D482 /* Sources */,
				6504B4D92A60EE4A00B1D482 /* Frameworks */,
				6504B4DA2A60EE4A00B1D482 /* Resources */,
			);
			buildRules = (
			);
			dependencies = (
			);
			name = "Reference-iOS-Project-ObjC";
			productName = "Reference-iOS-Project-ObjC";
			productReference = 6504B4DC2A60EE4A00B1D482 /* Reference Project.app */;
			productType = "com.apple.product-type.application";
		};
		6504B4F62A60EE4B00B1D482 /* Reference-iOS-Project-ObjCTests */ = {
			isa = PBXNativeTarget;
			buildConfigurationList = 6504B50E2A60EE4B00B1D482 /* Build configuration list for PBXNativeTarget "Reference-iOS-Project-ObjCTests" */;
			buildPhases = (
				6504B4F32A60EE4B00B1D482 /* Sources */,
				6504B4F42A60EE4B00B1D482 /* Frameworks */,
				6504B4F52A60EE4B00B1D482 /* Resources */,
			);
			buildRules = (
			);
			dependencies = (
				6504B4F92A60EE4B00B1D482 /* PBXTargetDependency */,
			);
			name = "Reference-iOS-Project-ObjCTests";
			productName = "Reference-iOS-Project-ObjCTests";
			productReference = 6504B4F72A60EE4B00B1D482 /* Reference-iOS-Project-ObjCTests.xctest */;
			productType = "com.apple.product-type.bundle.unit-test";
		};
		6504B5012A60EE4B00B1D482 /* Reference-iOS-Project-ObjCUITests */ = {
			isa = PBXNativeTarget;
			buildConfigurationList = 6504B5112A60EE4B00B1D482 /* Build configuration list for PBXNativeTarget "Reference-iOS-Project-ObjCUITests" */;
			buildPhases = (
				6504B4FE2A60EE4B00B1D482 /* Sources */,
				6504B4FF2A60EE4B00B1D482 /* Frameworks */,
				6504B5002A60EE4B00B1D482 /* Resources */,
			);
			buildRules = (
			);
			dependencies = (
				6504B5042A60EE4B00B1D482 /* PBXTargetDependency */,
			);
			name = "Reference-iOS-Project-ObjCUITests";
			productName = "Reference-iOS-Project-ObjCUITests";
			productReference = 6504B5022A60EE4B00B1D482 /* Reference-iOS-Project-ObjCUITests.xctest */;
			productType = "com.apple.product-type.bundle.ui-testing";
		};
/* End PBXNativeTarget section */

/* Begin PBXProject section */
		6504B4D42A60EE4A00B1D482 /* Project object */ = {
			isa = PBXProject;
			attributes = {
				LastUpgradeCheck = 1130;
				ORGANIZATIONNAME = Fay;
				TargetAttributes = {
					6504B4DB2A60EE4A00B1D482 = {
						CreatedOnToolsVersion = 11.3.1;
					};
					6504B4F62A60EE4B00B1D482 = {
						CreatedOnToolsVersion = 11.3.1;
						TestTargetID = 6504B4DB2A60EE4A00B1D482;
					};
					6504B5012A60EE4B00B1D482 = {
						CreatedOnToolsVersion = 11.3.1;
						TestTargetID = 6504B4DB2A60EE4A00B1D482;
					};
				};
			};
			buildConfigurationList = 6504B4D72A60EE4A00B1D482 /* Build configuration list for PBXProject "Reference-iOS-Project-ObjC" */;
			compatibilityVersion = "Xcode 9.3";
			developmentRegion = en;
			hasScannedForEncodings = 0;
			knownRegions = (
				en,
				Base,
			);
			mainGroup = 6504B4D32A60EE4A00B1D482;
			productRefGroup = 6504B4DD2A60EE4A00B1D482 /* Products */;
			projectDirPath = "";
			projectRoot = "";
			targets = (
				6504B4DB2A60EE4A00B1D482 /* Reference-iOS-Project-ObjC */,
				6504B4F62A60EE4B00B1D482 /* Reference-iOS-Project-ObjCTests */,
				6504B5012A60EE4B00B1D482 /* Reference-iOS-Project-ObjCUITests */,
			);
		};
/* End PBXProject section */

/* Begin PBXResourcesBuildPhase section */
		6504B4DA2A60EE4A00B1D482 /* Resources */ = {
			isa = PBXResourcesBuildPhase;
			buildActionMask = 2147483647;
			files = (
				6504B4EF2A60EE4B00B1D482 /* LaunchScreen.storyboard in Resources */,
				6508140B2A61079D00242F55 /* Mock.bundle in Resources */,
				6504B4EC2A60EE4B00B1D482 /* Assets.xcassets in Resources */,
			);
			runOnlyForDeploymentPostprocessing = 0;
		};
		6504B4F52A60EE4B00B1D482 /* Resources */ = {
			isa = PBXResourcesBuildPhase;
			buildActionMask = 2147483647;
			files = (
			);
			runOnlyForDeploymentPostprocessing = 0;
		};
		6504B5002A60EE4B00B1D482 /* Resources */ = {
			isa = PBXResourcesBuildPhase;
			buildActionMask = 2147483647;
			files = (
			);
			runOnlyForDeploymentPostprocessing = 0;
		};
/* End PBXResourcesBuildPhase section */

/* Begin PBXSourcesBuildPhase section */
		6504B4D82A60EE4A00B1D482 /* Sources */ = {
			isa = PBXSourcesBuildPhase;
			buildActionMask = 2147483647;
			files = (
				650813FA2A61071E00242F55 /* FRHelper.m in Sources */,
				655D80022A66DC0F006BCA74 /* UIImageView+FRExtension.m in Sources */,
				650813EF2A6106A300242F55 /* FRLocationPresenter.m in Sources */,
				6589F2F62A708B6E001DC7F3 /* FRWeatherListItemCell.m in Sources */,
				655D800F2A66DC60006BCA74 /* UIView+CGRect.m in Sources */,
				6589F2F02A708B2B001DC7F3 /* FRWeatherListItem.m in Sources */,
				659850122A63DDCA0058F69E /* UIView+FRExtension.m in Sources */,
				650814382A6151E200242F55 /* NSObject+JSONModel.m in Sources */,
				65D3F8F82A66F9AB00522C5A /* FRWeatherDataModel.m in Sources */,
				650814322A6142DE00242F55 /* UIColor+FRExtension.m in Sources */,
				6504B4E12A60EE4A00B1D482 /* AppDelegate.m in Sources */,
				6504B4F22A60EE4B00B1D482 /* main.m in Sources */,
				65D3F95D2A672DA100522C5A /* NSArray+FRExtension.m in Sources */,
				650813F02A6106A300242F55 /* FRLocationInteractor.m in Sources */,
				650813F82A61071E00242F55 /* FRNavigator.m in Sources */,
				650814352A61439B00242F55 /* UIColor+FRTheme.m in Sources */,
				65E4D6DA2A726C3100D1A8FD /* FRGetForecastsWeatherResponse.m in Sources */,
				650813ED2A6106A300242F55 /* FRLocationConfigurator.m in Sources */,
				650813EE2A6106A300242F55 /* FRLocationViewController.m in Sources */,
				65984FEB2A6303D90058F69E /* FRLocationDataModel.m in Sources */,
				650814012A61074F00242F55 /* FRNetworkManager.m in Sources */,
				65D3F9432A671B5D00522C5A /* UIFont+FRTheme.m in Sources */,
				655D80082A66DC1F006BCA74 /* UIStackView+FRExtension.m in Sources */,
				655D806D2A66F24A006BCA74 /* UILabel+FRExtension.m in Sources */,
				65984FFD2A63B7F70058F69E /* FRWeatherViewController.m in Sources */,
				65E4D6D92A726C3100D1A8FD /* FRGetLivesWeatherResponse.m in Sources */,
				65984FFC2A63B7F70058F69E /* FRWeatherInteractor.m in Sources */,
				650813F92A61071E00242F55 /* FRBundleProvider.m in Sources */,
				65E4D6F52A72776B00D1A8FD /* FRGetCityListResponse.m in Sources */,
				6598501E2A63F1EE0058F69E /* FRBaseViewController.m in Sources */,
				65984FFE2A63B7F70058F69E /* FRWeatherConfigurator.m in Sources */,
				65984FFB2A63B7F70058F69E /* FRWeatherPresenter.m in Sources */,
				655138F02A71621F0033F68D /* FRImageProvider.m in Sources */,
				655D80572A66EB25006BCA74 /* FRWeatherDashboardItem.m in Sources */,
				659850182A63E8B20058F69E /* UIView+NSLayoutConstraint.m in Sources */,
			);
			runOnlyForDeploymentPostprocessing = 0;
		};
		6504B4F32A60EE4B00B1D482 /* Sources */ = {
			isa = PBXSourcesBuildPhase;
			buildActionMask = 2147483647;
			files = (
				6504B4FC2A60EE4B00B1D482 /* Reference_iOS_Project_ObjCTests.m in Sources */,
			);
			runOnlyForDeploymentPostprocessing = 0;
		};
		6504B4FE2A60EE4B00B1D482 /* Sources */ = {
			isa = PBXSourcesBuildPhase;
			buildActionMask = 2147483647;
			files = (
				6504B5072A60EE4B00B1D482 /* Reference_iOS_Project_ObjCUITests.m in Sources */,
			);
			runOnlyForDeploymentPostprocessing = 0;
		};
/* End PBXSourcesBuildPhase section */

/* Begin PBXTargetDependency section */
		6504B4F92A60EE4B00B1D482 /* PBXTargetDependency */ = {
			isa = PBXTargetDependency;
			target = 6504B4DB2A60EE4A00B1D482 /* Reference-iOS-Project-ObjC */;
			targetProxy = 6504B4F82A60EE4B00B1D482 /* PBXContainerItemProxy */;
		};
		6504B5042A60EE4B00B1D482 /* PBXTargetDependency */ = {
			isa = PBXTargetDependency;
			target = 6504B4DB2A60EE4A00B1D482 /* Reference-iOS-Project-ObjC */;
			targetProxy = 6504B5032A60EE4B00B1D482 /* PBXContainerItemProxy */;
		};
/* End PBXTargetDependency section */

/* Begin PBXVariantGroup section */
		6504B4ED2A60EE4B00B1D482 /* LaunchScreen.storyboard */ = {
			isa = PBXVariantGroup;
			children = (
				6504B4EE2A60EE4B00B1D482 /* Base */,
			);
			name = LaunchScreen.storyboard;
			sourceTree = "<group>";
		};
/* End PBXVariantGroup section */

/* Begin XCBuildConfiguration section */
		6504B5092A60EE4B00B1D482 /* Debug */ = {
			isa = XCBuildConfiguration;
			buildSettings = {
				ALWAYS_SEARCH_USER_PATHS = NO;
				CLANG_ANALYZER_NONNULL = YES;
				CLANG_ANALYZER_NUMBER_OBJECT_CONVERSION = YES_AGGRESSIVE;
				CLANG_CXX_LANGUAGE_STANDARD = "gnu++14";
				CLANG_CXX_LIBRARY = "libc++";
				CLANG_ENABLE_MODULES = YES;
				CLANG_ENABLE_OBJC_ARC = YES;
				CLANG_ENABLE_OBJC_WEAK = YES;
				CLANG_WARN_BLOCK_CAPTURE_AUTORELEASING = YES;
				CLANG_WARN_BOOL_CONVERSION = YES;
				CLANG_WARN_COMMA = YES;
				CLANG_WARN_CONSTANT_CONVERSION = YES;
				CLANG_WARN_DEPRECATED_OBJC_IMPLEMENTATIONS = YES;
				CLANG_WARN_DIRECT_OBJC_ISA_USAGE = YES_ERROR;
				CLANG_WARN_DOCUMENTATION_COMMENTS = YES;
				CLANG_WARN_EMPTY_BODY = YES;
				CLANG_WARN_ENUM_CONVERSION = YES;
				CLANG_WARN_INFINITE_RECURSION = YES;
				CLANG_WARN_INT_CONVERSION = YES;
				CLANG_WARN_NON_LITERAL_NULL_CONVERSION = YES;
				CLANG_WARN_OBJC_IMPLICIT_RETAIN_SELF = YES;
				CLANG_WARN_OBJC_LITERAL_CONVERSION = YES;
				CLANG_WARN_OBJC_ROOT_CLASS = YES_ERROR;
				CLANG_WARN_RANGE_LOOP_ANALYSIS = YES;
				CLANG_WARN_STRICT_PROTOTYPES = YES;
				CLANG_WARN_SUSPICIOUS_MOVE = YES;
				CLANG_WARN_UNGUARDED_AVAILABILITY = YES_AGGRESSIVE;
				CLANG_WARN_UNREACHABLE_CODE = YES;
				CLANG_WARN__DUPLICATE_METHOD_MATCH = YES;
				COPY_PHASE_STRIP = NO;
				DEBUG_INFORMATION_FORMAT = dwarf;
				ENABLE_STRICT_OBJC_MSGSEND = YES;
				ENABLE_TESTABILITY = YES;
				GCC_C_LANGUAGE_STANDARD = gnu11;
				GCC_DYNAMIC_NO_PIC = NO;
				GCC_NO_COMMON_BLOCKS = YES;
				GCC_OPTIMIZATION_LEVEL = 0;
				GCC_PREPROCESSOR_DEFINITIONS = (
					"DEBUG=1",
					"$(inherited)",
				);
				GCC_WARN_64_TO_32_BIT_CONVERSION = YES;
				GCC_WARN_ABOUT_RETURN_TYPE = YES_ERROR;
				GCC_WARN_UNDECLARED_SELECTOR = YES;
				GCC_WARN_UNINITIALIZED_AUTOS = YES_AGGRESSIVE;
				GCC_WARN_UNUSED_FUNCTION = YES;
				GCC_WARN_UNUSED_VARIABLE = YES;
				IPHONEOS_DEPLOYMENT_TARGET = 13.2;
				MTL_ENABLE_DEBUG_INFO = INCLUDE_SOURCE;
				MTL_FAST_MATH = YES;
				ONLY_ACTIVE_ARCH = YES;
				SDKROOT = iphoneos;
			};
			name = Debug;
		};
		6504B50A2A60EE4B00B1D482 /* Release */ = {
			isa = XCBuildConfiguration;
			buildSettings = {
				ALWAYS_SEARCH_USER_PATHS = NO;
				CLANG_ANALYZER_NONNULL = YES;
				CLANG_ANALYZER_NUMBER_OBJECT_CONVERSION = YES_AGGRESSIVE;
				CLANG_CXX_LANGUAGE_STANDARD = "gnu++14";
				CLANG_CXX_LIBRARY = "libc++";
				CLANG_ENABLE_MODULES = YES;
				CLANG_ENABLE_OBJC_ARC = YES;
				CLANG_ENABLE_OBJC_WEAK = YES;
				CLANG_WARN_BLOCK_CAPTURE_AUTORELEASING = YES;
				CLANG_WARN_BOOL_CONVERSION = YES;
				CLANG_WARN_COMMA = YES;
				CLANG_WARN_CONSTANT_CONVERSION = YES;
				CLANG_WARN_DEPRECATED_OBJC_IMPLEMENTATIONS = YES;
				CLANG_WARN_DIRECT_OBJC_ISA_USAGE = YES_ERROR;
				CLANG_WARN_DOCUMENTATION_COMMENTS = YES;
				CLANG_WARN_EMPTY_BODY = YES;
				CLANG_WARN_ENUM_CONVERSION = YES;
				CLANG_WARN_INFINITE_RECURSION = YES;
				CLANG_WARN_INT_CONVERSION = YES;
				CLANG_WARN_NON_LITERAL_NULL_CONVERSION = YES;
				CLANG_WARN_OBJC_IMPLICIT_RETAIN_SELF = YES;
				CLANG_WARN_OBJC_LITERAL_CONVERSION = YES;
				CLANG_WARN_OBJC_ROOT_CLASS = YES_ERROR;
				CLANG_WARN_RANGE_LOOP_ANALYSIS = YES;
				CLANG_WARN_STRICT_PROTOTYPES = YES;
				CLANG_WARN_SUSPICIOUS_MOVE = YES;
				CLANG_WARN_UNGUARDED_AVAILABILITY = YES_AGGRESSIVE;
				CLANG_WARN_UNREACHABLE_CODE = YES;
				CLANG_WARN__DUPLICATE_METHOD_MATCH = YES;
				COPY_PHASE_STRIP = NO;
				DEBUG_INFORMATION_FORMAT = "dwarf-with-dsym";
				ENABLE_NS_ASSERTIONS = NO;
				ENABLE_STRICT_OBJC_MSGSEND = YES;
				GCC_C_LANGUAGE_STANDARD = gnu11;
				GCC_NO_COMMON_BLOCKS = YES;
				GCC_WARN_64_TO_32_BIT_CONVERSION = YES;
				GCC_WARN_ABOUT_RETURN_TYPE = YES_ERROR;
				GCC_WARN_UNDECLARED_SELECTOR = YES;
				GCC_WARN_UNINITIALIZED_AUTOS = YES_AGGRESSIVE;
				GCC_WARN_UNUSED_FUNCTION = YES;
				GCC_WARN_UNUSED_VARIABLE = YES;
				IPHONEOS_DEPLOYMENT_TARGET = 13.2;
				MTL_ENABLE_DEBUG_INFO = NO;
				MTL_FAST_MATH = YES;
				SDKROOT = iphoneos;
				VALIDATE_PRODUCT = YES;
			};
			name = Release;
		};
		6504B50C2A60EE4B00B1D482 /* Debug */ = {
			isa = XCBuildConfiguration;
			buildSettings = {
				ASSETCATALOG_COMPILER_APPICON_NAME = AppIcon;
				CODE_SIGN_STYLE = Automatic;
				INFOPLIST_FILE = "Reference-iOS-Project-ObjC/Info.plist";
				LD_RUNPATH_SEARCH_PATHS = (
					"$(inherited)",
					"@executable_path/Frameworks",
				);
				PRODUCT_BUNDLE_IDENTIFIER = xyz.fay.reference;
				PRODUCT_NAME = "Reference Project";
				TARGETED_DEVICE_FAMILY = 1;
			};
			name = Debug;
		};
		6504B50D2A60EE4B00B1D482 /* Release */ = {
			isa = XCBuildConfiguration;
			buildSettings = {
				ASSETCATALOG_COMPILER_APPICON_NAME = AppIcon;
				CODE_SIGN_STYLE = Automatic;
				INFOPLIST_FILE = "Reference-iOS-Project-ObjC/Info.plist";
				LD_RUNPATH_SEARCH_PATHS = (
					"$(inherited)",
					"@executable_path/Frameworks",
				);
				PRODUCT_BUNDLE_IDENTIFIER = xyz.fay.reference;
				PRODUCT_NAME = "Reference Project";
				TARGETED_DEVICE_FAMILY = 1;
			};
			name = Release;
		};
		6504B50F2A60EE4B00B1D482 /* Debug */ = {
			isa = XCBuildConfiguration;
			buildSettings = {
				BUNDLE_LOADER = "$(TEST_HOST)";
				CODE_SIGN_STYLE = Automatic;
				INFOPLIST_FILE = "Reference-iOS-Project-ObjCTests/Info.plist";
				IPHONEOS_DEPLOYMENT_TARGET = 13.2;
				LD_RUNPATH_SEARCH_PATHS = (
					"$(inherited)",
					"@executable_path/Frameworks",
					"@loader_path/Frameworks",
				);
				PRODUCT_BUNDLE_IDENTIFIER = "xyz.fay.Reference-iOS-Project-ObjCTests";
				PRODUCT_NAME = "$(TARGET_NAME)";
				TARGETED_DEVICE_FAMILY = "1,2";
				TEST_HOST = "$(BUILT_PRODUCTS_DIR)/Reference-iOS-Project-ObjC.app/Reference-iOS-Project-ObjC";
			};
			name = Debug;
		};
		6504B5102A60EE4B00B1D482 /* Release */ = {
			isa = XCBuildConfiguration;
			buildSettings = {
				BUNDLE_LOADER = "$(TEST_HOST)";
				CODE_SIGN_STYLE = Automatic;
				INFOPLIST_FILE = "Reference-iOS-Project-ObjCTests/Info.plist";
				IPHONEOS_DEPLOYMENT_TARGET = 13.2;
				LD_RUNPATH_SEARCH_PATHS = (
					"$(inherited)",
					"@executable_path/Frameworks",
					"@loader_path/Frameworks",
				);
				PRODUCT_BUNDLE_IDENTIFIER = "xyz.fay.Reference-iOS-Project-ObjCTests";
				PRODUCT_NAME = "$(TARGET_NAME)";
				TARGETED_DEVICE_FAMILY = "1,2";
				TEST_HOST = "$(BUILT_PRODUCTS_DIR)/Reference-iOS-Project-ObjC.app/Reference-iOS-Project-ObjC";
			};
			name = Release;
		};
		6504B5122A60EE4B00B1D482 /* Debug */ = {
			isa = XCBuildConfiguration;
			buildSettings = {
				CODE_SIGN_STYLE = Automatic;
				INFOPLIST_FILE = "Reference-iOS-Project-ObjCUITests/Info.plist";
				LD_RUNPATH_SEARCH_PATHS = (
					"$(inherited)",
					"@executable_path/Frameworks",
					"@loader_path/Frameworks",
				);
				PRODUCT_BUNDLE_IDENTIFIER = "xyz.fay.Reference-iOS-Project-ObjCUITests";
				PRODUCT_NAME = "$(TARGET_NAME)";
				TARGETED_DEVICE_FAMILY = "1,2";
				TEST_TARGET_NAME = "Reference-iOS-Project-ObjC";
			};
			name = Debug;
		};
		6504B5132A60EE4B00B1D482 /* Release */ = {
			isa = XCBuildConfiguration;
			buildSettings = {
				CODE_SIGN_STYLE = Automatic;
				INFOPLIST_FILE = "Reference-iOS-Project-ObjCUITests/Info.plist";
				LD_RUNPATH_SEARCH_PATHS = (
					"$(inherited)",
					"@executable_path/Frameworks",
					"@loader_path/Frameworks",
				);
				PRODUCT_BUNDLE_IDENTIFIER = "xyz.fay.Reference-iOS-Project-ObjCUITests";
				PRODUCT_NAME = "$(TARGET_NAME)";
				TARGETED_DEVICE_FAMILY = "1,2";
				TEST_TARGET_NAME = "Reference-iOS-Project-ObjC";
			};
			name = Release;
		};
/* End XCBuildConfiguration section */

/* Begin XCConfigurationList section */
		6504B4D72A60EE4A00B1D482 /* Build configuration list for PBXProject "Reference-iOS-Project-ObjC" */ = {
			isa = XCConfigurationList;
			buildConfigurations = (
				6504B5092A60EE4B00B1D482 /* Debug */,
				6504B50A2A60EE4B00B1D482 /* Release */,
			);
			defaultConfigurationIsVisible = 0;
			defaultConfigurationName = Release;
		};
		6504B50B2A60EE4B00B1D482 /* Build configuration list for PBXNativeTarget "Reference-iOS-Project-ObjC" */ = {
			isa = XCConfigurationList;
			buildConfigurations = (
				6504B50C2A60EE4B00B1D482 /* Debug */,
				6504B50D2A60EE4B00B1D482 /* Release */,
			);
			defaultConfigurationIsVisible = 0;
			defaultConfigurationName = Release;
		};
		6504B50E2A60EE4B00B1D482 /* Build configuration list for PBXNativeTarget "Reference-iOS-Project-ObjCTests" */ = {
			isa = XCConfigurationList;
			buildConfigurations = (
				6504B50F2A60EE4B00B1D482 /* Debug */,
				6504B5102A60EE4B00B1D482 /* Release */,
			);
			defaultConfigurationIsVisible = 0;
			defaultConfigurationName = Release;
		};
		6504B5112A60EE4B00B1D482 /* Build configuration list for PBXNativeTarget "Reference-iOS-Project-ObjCUITests" */ = {
			isa = XCConfigurationList;
			buildConfigurations = (
				6504B5122A60EE4B00B1D482 /* Debug */,
				6504B5132A60EE4B00B1D482 /* Release */,
			);
			defaultConfigurationIsVisible = 0;
			defaultConfigurationName = Release;
		};
/* End XCConfigurationList section */
	};
	rootObject = 6504B4D42A60EE4A00B1D482 /* Project object */;
}
