// !$*UTF8*$!
{
	archiveVersion = 1;
	classes = {
	};
	objectVersion = 50;
	objects = {

/* Begin PBXBuildFile section */
		659F93442A5756C3000F7E2B /* AppDelegate.m in Sources */ = {isa = PBXBuildFile; fileRef = 659F93432A5756C3000F7E2B /* AppDelegate.m */; };
		659F934F2A5756C3000F7E2B /* Assets.xcassets in Resources */ = {isa = PBXBuildFile; fileRef = 659F934E2A5756C3000F7E2B /* Assets.xcassets */; };
		659F93522A5756C3000F7E2B /* LaunchScreen.storyboard in Resources */ = {isa = PBXBuildFile; fileRef = 659F93502A5756C3000F7E2B /* LaunchScreen.storyboard */; };
		659F93552A5756C3000F7E2B /* main.m in Sources */ = {isa = PBXBuildFile; fileRef = 659F93542A5756C3000F7E2B /* main.m */; };
		659F935F2A5756C3000F7E2B /* Reference_iOS_ObjCTests.m in Sources */ = {isa = PBXBuildFile; fileRef = 659F935E2A5756C3000F7E2B /* Reference_iOS_ObjCTests.m */; };
		659F936A2A5756C3000F7E2B /* Reference_iOS_ObjCUITests.m in Sources */ = {isa = PBXBuildFile; fileRef = 659F93692A5756C3000F7E2B /* Reference_iOS_ObjCUITests.m */; };
		65AA0C222A5975E800FE3AA0 /* UIColor+FRHex.m in Sources */ = {isa = PBXBuildFile; fileRef = 65AA0C212A5975E800FE3AA0 /* UIColor+FRHex.m */; };
		65AA0C262A5983B900FE3AA0 /* UIColor+FRColor.m in Sources */ = {isa = PBXBuildFile; fileRef = 65AA0C252A5983B900FE3AA0 /* UIColor+FRColor.m */; };
		65F8FD6F2A575DC500C4E686 /* FRWeatherResponse.m in Sources */ = {isa = PBXBuildFile; fileRef = 65F8FD6E2A575DC500C4E686 /* FRWeatherResponse.m */; };
		65F8FD722A575E1200C4E686 /* FRUserResponse.m in Sources */ = {isa = PBXBuildFile; fileRef = 65F8FD712A575E1200C4E686 /* FRUserResponse.m */; };
		65F8FD752A575E2300C4E686 /* FRCityResponse.m in Sources */ = {isa = PBXBuildFile; fileRef = 65F8FD742A575E2300C4E686 /* FRCityResponse.m */; };
		65F8FD802A57B06100C4E686 /* FRNetworkManager.m in Sources */ = {isa = PBXBuildFile; fileRef = 65F8FD7F2A57B06100C4E686 /* FRNetworkManager.m */; };
		65F8FD832A57C1C100C4E686 /* FRHomePresenter.m in Sources */ = {isa = PBXBuildFile; fileRef = 65F8FD822A57C1C100C4E686 /* FRHomePresenter.m */; };
		65F8FD862A57C27400C4E686 /* FRHomeInteractor.m in Sources */ = {isa = PBXBuildFile; fileRef = 65F8FD852A57C27400C4E686 /* FRHomeInteractor.m */; };
		65F8FD892A57C29200C4E686 /* FRCityPresenter.m in Sources */ = {isa = PBXBuildFile; fileRef = 65F8FD882A57C29200C4E686 /* FRCityPresenter.m */; };
		65F8FD8C2A57C2A600C4E686 /* FRCityInteractor.m in Sources */ = {isa = PBXBuildFile; fileRef = 65F8FD8B2A57C2A600C4E686 /* FRCityInteractor.m */; };
		65F8FD8F2A57C38100C4E686 /* FRCityConfigurator.m in Sources */ = {isa = PBXBuildFile; fileRef = 65F8FD8E2A57C38100C4E686 /* FRCityConfigurator.m */; };
		65F8FD922A57C38E00C4E686 /* FRHomeConfigurator.m in Sources */ = {isa = PBXBuildFile; fileRef = 65F8FD912A57C38E00C4E686 /* FRHomeConfigurator.m */; };
		65F8FD952A57C39E00C4E686 /* FRUserConfigurator.m in Sources */ = {isa = PBXBuildFile; fileRef = 65F8FD942A57C39E00C4E686 /* FRUserConfigurator.m */; };
		65F8FD982A57C3A900C4E686 /* FRSettingsConfigurator.m in Sources */ = {isa = PBXBuildFile; fileRef = 65F8FD972A57C3A900C4E686 /* FRSettingsConfigurator.m */; };
		65F8FD9E2A57C46F00C4E686 /* FRSettingsPresenter.m in Sources */ = {isa = PBXBuildFile; fileRef = 65F8FD9D2A57C46F00C4E686 /* FRSettingsPresenter.m */; };
		65F8FDA12A57C48E00C4E686 /* FRSettingsInteractor.m in Sources */ = {isa = PBXBuildFile; fileRef = 65F8FDA02A57C48E00C4E686 /* FRSettingsInteractor.m */; };
		65F8FDA42A57C4AE00C4E686 /* FRUserPresenter.m in Sources */ = {isa = PBXBuildFile; fileRef = 65F8FDA32A57C4AE00C4E686 /* FRUserPresenter.m */; };
		65F8FDA72A57C4BF00C4E686 /* FRUserInteractor.m in Sources */ = {isa = PBXBuildFile; fileRef = 65F8FDA62A57C4BF00C4E686 /* FRUserInteractor.m */; };
		65F8FDAE2A57C62300C4E686 /* FRCityViewController.m in Sources */ = {isa = PBXBuildFile; fileRef = 65F8FDAD2A57C62300C4E686 /* FRCityViewController.m */; };
		65F8FDB12A57C62E00C4E686 /* FRSettingsViewController.m in Sources */ = {isa = PBXBuildFile; fileRef = 65F8FDB02A57C62E00C4E686 /* FRSettingsViewController.m */; };
		65F8FDB42A57C63B00C4E686 /* FRUserViewController.m in Sources */ = {isa = PBXBuildFile; fileRef = 65F8FDB32A57C63B00C4E686 /* FRUserViewController.m */; };
		65F8FDB72A57C64600C4E686 /* FRHomeViewController.m in Sources */ = {isa = PBXBuildFile; fileRef = 65F8FDB62A57C64600C4E686 /* FRHomeViewController.m */; };
		65F8FDBF2A58132C00C4E686 /* Mock.bundle in Resources */ = {isa = PBXBuildFile; fileRef = 65F8FDBE2A58132C00C4E686 /* Mock.bundle */; };
		65F8FDC62A581A3600C4E686 /* FRBundleProvider.m in Sources */ = {isa = PBXBuildFile; fileRef = 65F8FDC52A581A3600C4E686 /* FRBundleProvider.m */; };
		65F8FDF82A58515B00C4E686 /* FRNavigator.m in Sources */ = {isa = PBXBuildFile; fileRef = 65F8FDF72A58515B00C4E686 /* FRNavigator.m */; };
		65F8FDFB2A58885F00C4E686 /* FRHelper.m in Sources */ = {isa = PBXBuildFile; fileRef = 65F8FDFA2A58885F00C4E686 /* FRHelper.m */; };
		65F8FE082A58B6FB00C4E686 /* NSObject+JSONModel.m in Sources */ = {isa = PBXBuildFile; fileRef = 65F8FE072A58B6FB00C4E686 /* NSObject+JSONModel.m */; };
/* End PBXBuildFile section */

/* Begin PBXContainerItemProxy section */
		659F935B2A5756C3000F7E2B /* PBXContainerItemProxy */ = {
			isa = PBXContainerItemProxy;
			containerPortal = 659F93372A5756C3000F7E2B /* Project object */;
			proxyType = 1;
			remoteGlobalIDString = 659F933E2A5756C3000F7E2B;
			remoteInfo = "Reference-iOS-ObjC";
		};
		659F93662A5756C3000F7E2B /* PBXContainerItemProxy */ = {
			isa = PBXContainerItemProxy;
			containerPortal = 659F93372A5756C3000F7E2B /* Project object */;
			proxyType = 1;
			remoteGlobalIDString = 659F933E2A5756C3000F7E2B;
			remoteInfo = "Reference-iOS-ObjC";
		};
/* End PBXContainerItemProxy section */

/* Begin PBXFileReference section */
		659F933F2A5756C3000F7E2B /* Reference-iOS-ObjC.app */ = {isa = PBXFileReference; explicitFileType = wrapper.application; includeInIndex = 0; path = "Reference-iOS-ObjC.app"; sourceTree = BUILT_PRODUCTS_DIR; };
		659F93422A5756C3000F7E2B /* AppDelegate.h */ = {isa = PBXFileReference; lastKnownFileType = sourcecode.c.h; path = AppDelegate.h; sourceTree = "<group>"; };
		659F93432A5756C3000F7E2B /* AppDelegate.m */ = {isa = PBXFileReference; lastKnownFileType = sourcecode.c.objc; path = AppDelegate.m; sourceTree = "<group>"; };
		659F934E2A5756C3000F7E2B /* Assets.xcassets */ = {isa = PBXFileReference; lastKnownFileType = folder.assetcatalog; path = Assets.xcassets; sourceTree = "<group>"; };
		659F93512A5756C3000F7E2B /* Base */ = {isa = PBXFileReference; lastKnownFileType = file.storyboard; name = Base; path = Base.lproj/LaunchScreen.storyboard; sourceTree = "<group>"; };
		659F93532A5756C3000F7E2B /* Info.plist */ = {isa = PBXFileReference; lastKnownFileType = text.plist.xml; path = Info.plist; sourceTree = "<group>"; };
		659F93542A5756C3000F7E2B /* main.m */ = {isa = PBXFileReference; lastKnownFileType = sourcecode.c.objc; path = main.m; sourceTree = "<group>"; };
		659F935A2A5756C3000F7E2B /* Reference-iOS-ObjCTests.xctest */ = {isa = PBXFileReference; explicitFileType = wrapper.cfbundle; includeInIndex = 0; path = "Reference-iOS-ObjCTests.xctest"; sourceTree = BUILT_PRODUCTS_DIR; };
		659F935E2A5756C3000F7E2B /* Reference_iOS_ObjCTests.m */ = {isa = PBXFileReference; lastKnownFileType = sourcecode.c.objc; path = Reference_iOS_ObjCTests.m; sourceTree = "<group>"; };
		659F93602A5756C3000F7E2B /* Info.plist */ = {isa = PBXFileReference; lastKnownFileType = text.plist.xml; path = Info.plist; sourceTree = "<group>"; };
		659F93652A5756C3000F7E2B /* Reference-iOS-ObjCUITests.xctest */ = {isa = PBXFileReference; explicitFileType = wrapper.cfbundle; includeInIndex = 0; path = "Reference-iOS-ObjCUITests.xctest"; sourceTree = BUILT_PRODUCTS_DIR; };
		659F93692A5756C3000F7E2B /* Reference_iOS_ObjCUITests.m */ = {isa = PBXFileReference; lastKnownFileType = sourcecode.c.objc; path = Reference_iOS_ObjCUITests.m; sourceTree = "<group>"; };
		659F936B2A5756C3000F7E2B /* Info.plist */ = {isa = PBXFileReference; lastKnownFileType = text.plist.xml; path = Info.plist; sourceTree = "<group>"; };
		65AA0C202A5975E800FE3AA0 /* UIColor+FRHex.h */ = {isa = PBXFileReference; lastKnownFileType = sourcecode.c.h; path = "UIColor+FRHex.h"; sourceTree = "<group>"; };
		65AA0C212A5975E800FE3AA0 /* UIColor+FRHex.m */ = {isa = PBXFileReference; lastKnownFileType = sourcecode.c.objc; path = "UIColor+FRHex.m"; sourceTree = "<group>"; };
		65AA0C242A5983B900FE3AA0 /* UIColor+FRColor.h */ = {isa = PBXFileReference; lastKnownFileType = sourcecode.c.h; path = "UIColor+FRColor.h"; sourceTree = "<group>"; };
		65AA0C252A5983B900FE3AA0 /* UIColor+FRColor.m */ = {isa = PBXFileReference; lastKnownFileType = sourcecode.c.objc; path = "UIColor+FRColor.m"; sourceTree = "<group>"; };
		65F8FD6D2A575DC500C4E686 /* FRWeatherResponse.h */ = {isa = PBXFileReference; lastKnownFileType = sourcecode.c.h; path = FRWeatherResponse.h; sourceTree = "<group>"; };
		65F8FD6E2A575DC500C4E686 /* FRWeatherResponse.m */ = {isa = PBXFileReference; lastKnownFileType = sourcecode.c.objc; path = FRWeatherResponse.m; sourceTree = "<group>"; };
		65F8FD702A575E1200C4E686 /* FRUserResponse.h */ = {isa = PBXFileReference; lastKnownFileType = sourcecode.c.h; path = FRUserResponse.h; sourceTree = "<group>"; };
		65F8FD712A575E1200C4E686 /* FRUserResponse.m */ = {isa = PBXFileReference; lastKnownFileType = sourcecode.c.objc; path = FRUserResponse.m; sourceTree = "<group>"; };
		65F8FD732A575E2300C4E686 /* FRCityResponse.h */ = {isa = PBXFileReference; lastKnownFileType = sourcecode.c.h; path = FRCityResponse.h; sourceTree = "<group>"; };
		65F8FD742A575E2300C4E686 /* FRCityResponse.m */ = {isa = PBXFileReference; lastKnownFileType = sourcecode.c.objc; path = FRCityResponse.m; sourceTree = "<group>"; };
		65F8FD7E2A57B06100C4E686 /* FRNetworkManager.h */ = {isa = PBXFileReference; lastKnownFileType = sourcecode.c.h; path = FRNetworkManager.h; sourceTree = "<group>"; };
		65F8FD7F2A57B06100C4E686 /* FRNetworkManager.m */ = {isa = PBXFileReference; lastKnownFileType = sourcecode.c.objc; path = FRNetworkManager.m; sourceTree = "<group>"; };
		65F8FD812A57C1C100C4E686 /* FRHomePresenter.h */ = {isa = PBXFileReference; lastKnownFileType = sourcecode.c.h; path = FRHomePresenter.h; sourceTree = "<group>"; };
		65F8FD822A57C1C100C4E686 /* FRHomePresenter.m */ = {isa = PBXFileReference; lastKnownFileType = sourcecode.c.objc; path = FRHomePresenter.m; sourceTree = "<group>"; };
		65F8FD842A57C27400C4E686 /* FRHomeInteractor.h */ = {isa = PBXFileReference; lastKnownFileType = sourcecode.c.h; path = FRHomeInteractor.h; sourceTree = "<group>"; };
		65F8FD852A57C27400C4E686 /* FRHomeInteractor.m */ = {isa = PBXFileReference; lastKnownFileType = sourcecode.c.objc; path = FRHomeInteractor.m; sourceTree = "<group>"; };
		65F8FD872A57C29200C4E686 /* FRCityPresenter.h */ = {isa = PBXFileReference; lastKnownFileType = sourcecode.c.h; path = FRCityPresenter.h; sourceTree = "<group>"; };
		65F8FD882A57C29200C4E686 /* FRCityPresenter.m */ = {isa = PBXFileReference; lastKnownFileType = sourcecode.c.objc; path = FRCityPresenter.m; sourceTree = "<group>"; };
		65F8FD8A2A57C2A600C4E686 /* FRCityInteractor.h */ = {isa = PBXFileReference; lastKnownFileType = sourcecode.c.h; path = FRCityInteractor.h; sourceTree = "<group>"; };
		65F8FD8B2A57C2A600C4E686 /* FRCityInteractor.m */ = {isa = PBXFileReference; lastKnownFileType = sourcecode.c.objc; path = FRCityInteractor.m; sourceTree = "<group>"; };
		65F8FD8D2A57C38100C4E686 /* FRCityConfigurator.h */ = {isa = PBXFileReference; lastKnownFileType = sourcecode.c.h; path = FRCityConfigurator.h; sourceTree = "<group>"; };
		65F8FD8E2A57C38100C4E686 /* FRCityConfigurator.m */ = {isa = PBXFileReference; lastKnownFileType = sourcecode.c.objc; path = FRCityConfigurator.m; sourceTree = "<group>"; };
		65F8FD902A57C38E00C4E686 /* FRHomeConfigurator.h */ = {isa = PBXFileReference; lastKnownFileType = sourcecode.c.h; path = FRHomeConfigurator.h; sourceTree = "<group>"; };
		65F8FD912A57C38E00C4E686 /* FRHomeConfigurator.m */ = {isa = PBXFileReference; lastKnownFileType = sourcecode.c.objc; path = FRHomeConfigurator.m; sourceTree = "<group>"; };
		65F8FD932A57C39E00C4E686 /* FRUserConfigurator.h */ = {isa = PBXFileReference; lastKnownFileType = sourcecode.c.h; path = FRUserConfigurator.h; sourceTree = "<group>"; };
		65F8FD942A57C39E00C4E686 /* FRUserConfigurator.m */ = {isa = PBXFileReference; lastKnownFileType = sourcecode.c.objc; path = FRUserConfigurator.m; sourceTree = "<group>"; };
		65F8FD962A57C3A900C4E686 /* FRSettingsConfigurator.h */ = {isa = PBXFileReference; lastKnownFileType = sourcecode.c.h; path = FRSettingsConfigurator.h; sourceTree = "<group>"; };
		65F8FD972A57C3A900C4E686 /* FRSettingsConfigurator.m */ = {isa = PBXFileReference; lastKnownFileType = sourcecode.c.objc; path = FRSettingsConfigurator.m; sourceTree = "<group>"; };
		65F8FD9C2A57C46F00C4E686 /* FRSettingsPresenter.h */ = {isa = PBXFileReference; lastKnownFileType = sourcecode.c.h; path = FRSettingsPresenter.h; sourceTree = "<group>"; };
		65F8FD9D2A57C46F00C4E686 /* FRSettingsPresenter.m */ = {isa = PBXFileReference; lastKnownFileType = sourcecode.c.objc; path = FRSettingsPresenter.m; sourceTree = "<group>"; };
		65F8FD9F2A57C48E00C4E686 /* FRSettingsInteractor.h */ = {isa = PBXFileReference; lastKnownFileType = sourcecode.c.h; path = FRSettingsInteractor.h; sourceTree = "<group>"; };
		65F8FDA02A57C48E00C4E686 /* FRSettingsInteractor.m */ = {isa = PBXFileReference; lastKnownFileType = sourcecode.c.objc; path = FRSettingsInteractor.m; sourceTree = "<group>"; };
		65F8FDA22A57C4AE00C4E686 /* FRUserPresenter.h */ = {isa = PBXFileReference; lastKnownFileType = sourcecode.c.h; path = FRUserPresenter.h; sourceTree = "<group>"; };
		65F8FDA32A57C4AE00C4E686 /* FRUserPresenter.m */ = {isa = PBXFileReference; lastKnownFileType = sourcecode.c.objc; path = FRUserPresenter.m; sourceTree = "<group>"; };
		65F8FDA52A57C4BF00C4E686 /* FRUserInteractor.h */ = {isa = PBXFileReference; lastKnownFileType = sourcecode.c.h; path = FRUserInteractor.h; sourceTree = "<group>"; };
		65F8FDA62A57C4BF00C4E686 /* FRUserInteractor.m */ = {isa = PBXFileReference; lastKnownFileType = sourcecode.c.objc; path = FRUserInteractor.m; sourceTree = "<group>"; };
		65F8FDA82A57C57800C4E686 /* FRCityInterface.h */ = {isa = PBXFileReference; lastKnownFileType = sourcecode.c.h; path = FRCityInterface.h; sourceTree = "<group>"; };
		65F8FDA92A57C59000C4E686 /* FRSettingsInterface.h */ = {isa = PBXFileReference; lastKnownFileType = sourcecode.c.h; path = FRSettingsInterface.h; sourceTree = "<group>"; };
		65F8FDAA2A57C5EE00C4E686 /* FRUserInterface.h */ = {isa = PBXFileReference; lastKnownFileType = sourcecode.c.h; path = FRUserInterface.h; sourceTree = "<group>"; };
		65F8FDAB2A57C5FC00C4E686 /* FRHomeInterface.h */ = {isa = PBXFileReference; lastKnownFileType = sourcecode.c.h; path = FRHomeInterface.h; sourceTree = "<group>"; };
		65F8FDAC2A57C62300C4E686 /* FRCityViewController.h */ = {isa = PBXFileReference; lastKnownFileType = sourcecode.c.h; path = FRCityViewController.h; sourceTree = "<group>"; };
		65F8FDAD2A57C62300C4E686 /* FRCityViewController.m */ = {isa = PBXFileReference; lastKnownFileType = sourcecode.c.objc; path = FRCityViewController.m; sourceTree = "<group>"; };
		65F8FDAF2A57C62E00C4E686 /* FRSettingsViewController.h */ = {isa = PBXFileReference; lastKnownFileType = sourcecode.c.h; path = FRSettingsViewController.h; sourceTree = "<group>"; };
		65F8FDB02A57C62E00C4E686 /* FRSettingsViewController.m */ = {isa = PBXFileReference; lastKnownFileType = sourcecode.c.objc; path = FRSettingsViewController.m; sourceTree = "<group>"; };
		65F8FDB22A57C63B00C4E686 /* FRUserViewController.h */ = {isa = PBXFileReference; lastKnownFileType = sourcecode.c.h; path = FRUserViewController.h; sourceTree = "<group>"; };
		65F8FDB32A57C63B00C4E686 /* FRUserViewController.m */ = {isa = PBXFileReference; lastKnownFileType = sourcecode.c.objc; path = FRUserViewController.m; sourceTree = "<group>"; };
		65F8FDB52A57C64600C4E686 /* FRHomeViewController.h */ = {isa = PBXFileReference; lastKnownFileType = sourcecode.c.h; path = FRHomeViewController.h; sourceTree = "<group>"; };
		65F8FDB62A57C64600C4E686 /* FRHomeViewController.m */ = {isa = PBXFileReference; lastKnownFileType = sourcecode.c.objc; path = FRHomeViewController.m; sourceTree = "<group>"; };
		65F8FDBE2A58132C00C4E686 /* Mock.bundle */ = {isa = PBXFileReference; lastKnownFileType = "wrapper.plug-in"; path = Mock.bundle; sourceTree = "<group>"; };
		65F8FDC42A581A3600C4E686 /* FRBundleProvider.h */ = {isa = PBXFileReference; lastKnownFileType = sourcecode.c.h; path = FRBundleProvider.h; sourceTree = "<group>"; };
		65F8FDC52A581A3600C4E686 /* FRBundleProvider.m */ = {isa = PBXFileReference; lastKnownFileType = sourcecode.c.objc; path = FRBundleProvider.m; sourceTree = "<group>"; };
		65F8FDF62A58515B00C4E686 /* FRNavigator.h */ = {isa = PBXFileReference; lastKnownFileType = sourcecode.c.h; path = FRNavigator.h; sourceTree = "<group>"; };
		65F8FDF72A58515B00C4E686 /* FRNavigator.m */ = {isa = PBXFileReference; lastKnownFileType = sourcecode.c.objc; path = FRNavigator.m; sourceTree = "<group>"; };
		65F8FDF92A58885F00C4E686 /* FRHelper.h */ = {isa = PBXFileReference; lastKnownFileType = sourcecode.c.h; path = FRHelper.h; sourceTree = "<group>"; };
		65F8FDFA2A58885F00C4E686 /* FRHelper.m */ = {isa = PBXFileReference; lastKnownFileType = sourcecode.c.objc; path = FRHelper.m; sourceTree = "<group>"; };
		65F8FE042A589C4D00C4E686 /* FRFeatureConfigurator.h */ = {isa = PBXFileReference; lastKnownFileType = sourcecode.c.h; path = FRFeatureConfigurator.h; sourceTree = "<group>"; };
		65F8FE062A58B6FB00C4E686 /* NSObject+JSONModel.h */ = {isa = PBXFileReference; fileEncoding = 4; lastKnownFileType = sourcecode.c.h; path = "NSObject+JSONModel.h"; sourceTree = "<group>"; };
		65F8FE072A58B6FB00C4E686 /* NSObject+JSONModel.m */ = {isa = PBXFileReference; fileEncoding = 4; lastKnownFileType = sourcecode.c.objc; path = "NSObject+JSONModel.m"; sourceTree = "<group>"; };
/* End PBXFileReference section */

/* Begin PBXFrameworksBuildPhase section */
		659F933C2A5756C3000F7E2B /* Frameworks */ = {
			isa = PBXFrameworksBuildPhase;
			buildActionMask = 2147483647;
			files = (
			);
			runOnlyForDeploymentPostprocessing = 0;
		};
		659F93572A5756C3000F7E2B /* Frameworks */ = {
			isa = PBXFrameworksBuildPhase;
			buildActionMask = 2147483647;
			files = (
			);
			runOnlyForDeploymentPostprocessing = 0;
		};
		659F93622A5756C3000F7E2B /* Frameworks */ = {
			isa = PBXFrameworksBuildPhase;
			buildActionMask = 2147483647;
			files = (
			);
			runOnlyForDeploymentPostprocessing = 0;
		};
/* End PBXFrameworksBuildPhase section */

/* Begin PBXGroup section */
		659F93362A5756C3000F7E2B = {
			isa = PBXGroup;
			children = (
				659F93412A5756C3000F7E2B /* Reference-iOS-ObjC */,
				659F935D2A5756C3000F7E2B /* Reference-iOS-ObjCTests */,
				659F93682A5756C3000F7E2B /* Reference-iOS-ObjCUITests */,
				659F93402A5756C3000F7E2B /* Products */,
			);
			sourceTree = "<group>";
		};
		659F93402A5756C3000F7E2B /* Products */ = {
			isa = PBXGroup;
			children = (
				659F933F2A5756C3000F7E2B /* Reference-iOS-ObjC.app */,
				659F935A2A5756C3000F7E2B /* Reference-iOS-ObjCTests.xctest */,
				659F93652A5756C3000F7E2B /* Reference-iOS-ObjCUITests.xctest */,
			);
			name = Products;
			sourceTree = "<group>";
		};
		659F93412A5756C3000F7E2B /* Reference-iOS-ObjC */ = {
			isa = PBXGroup;
			children = (
				659F93422A5756C3000F7E2B /* AppDelegate.h */,
				659F93432A5756C3000F7E2B /* AppDelegate.m */,
				659F93532A5756C3000F7E2B /* Info.plist */,
				65F8FD5B2A575C4000C4E686 /* Reference */,
				65F8FDBA2A58103500C4E686 /* Resources */,
			);
			path = "Reference-iOS-ObjC";
			sourceTree = "<group>";
		};
		659F935D2A5756C3000F7E2B /* Reference-iOS-ObjCTests */ = {
			isa = PBXGroup;
			children = (
				659F935E2A5756C3000F7E2B /* Reference_iOS_ObjCTests.m */,
				659F93602A5756C3000F7E2B /* Info.plist */,
			);
			path = "Reference-iOS-ObjCTests";
			sourceTree = "<group>";
		};
		659F93682A5756C3000F7E2B /* Reference-iOS-ObjCUITests */ = {
			isa = PBXGroup;
			children = (
				659F93692A5756C3000F7E2B /* Reference_iOS_ObjCUITests.m */,
				659F936B2A5756C3000F7E2B /* Info.plist */,
			);
			path = "Reference-iOS-ObjCUITests";
			sourceTree = "<group>";
		};
		65AA0C1F2A5975C300FE3AA0 /* Extension */ = {
			isa = PBXGroup;
			children = (
				65AA0C242A5983B900FE3AA0 /* UIColor+FRColor.h */,
				65AA0C252A5983B900FE3AA0 /* UIColor+FRColor.m */,
				65AA0C202A5975E800FE3AA0 /* UIColor+FRHex.h */,
				65AA0C212A5975E800FE3AA0 /* UIColor+FRHex.m */,
			);
			path = Extension;
			sourceTree = "<group>";
		};
		65F8FD5B2A575C4000C4E686 /* Reference */ = {
			isa = PBXGroup;
			children = (
				65AA0C1F2A5975C300FE3AA0 /* Extension */,
				65F8FD652A575D1900C4E686 /* Feature */,
				65F8FD662A575D2400C4E686 /* Networking */,
				65F8FDC22A5819B500C4E686 /* Utils */,
				65F8FE052A58B6C600C4E686 /* Vendor */,
			);
			path = Reference;
			sourceTree = "<group>";
		};
		65F8FD652A575D1900C4E686 /* Feature */ = {
			isa = PBXGroup;
			children = (
				65F8FD692A575D3E00C4E686 /* City */,
				65F8FD6C2A575D5500C4E686 /* Home */,
				65F8FD6A2A575D4200C4E686 /* Settings */,
				65F8FD6B2A575D4E00C4E686 /* User */,
			);
			path = Feature;
			sourceTree = "<group>";
		};
		65F8FD662A575D2400C4E686 /* Networking */ = {
			isa = PBXGroup;
			children = (
				65F8FD7E2A57B06100C4E686 /* FRNetworkManager.h */,
				65F8FD7F2A57B06100C4E686 /* FRNetworkManager.m */,
				65F8FD672A575D2D00C4E686 /* Request */,
				65F8FD682A575D3700C4E686 /* Response */,
			);
			path = Networking;
			sourceTree = "<group>";
		};
		65F8FD672A575D2D00C4E686 /* Request */ = {
			isa = PBXGroup;
			children = (
			);
			path = Request;
			sourceTree = "<group>";
		};
		65F8FD682A575D3700C4E686 /* Response */ = {
			isa = PBXGroup;
			children = (
				65F8FD732A575E2300C4E686 /* FRCityResponse.h */,
				65F8FD742A575E2300C4E686 /* FRCityResponse.m */,
				65F8FD702A575E1200C4E686 /* FRUserResponse.h */,
				65F8FD712A575E1200C4E686 /* FRUserResponse.m */,
				65F8FD6D2A575DC500C4E686 /* FRWeatherResponse.h */,
				65F8FD6E2A575DC500C4E686 /* FRWeatherResponse.m */,
			);
			path = Response;
			sourceTree = "<group>";
		};
		65F8FD692A575D3E00C4E686 /* City */ = {
			isa = PBXGroup;
			children = (
				65F8FD8D2A57C38100C4E686 /* FRCityConfigurator.h */,
				65F8FD8E2A57C38100C4E686 /* FRCityConfigurator.m */,
				65F8FD8A2A57C2A600C4E686 /* FRCityInteractor.h */,
				65F8FD8B2A57C2A600C4E686 /* FRCityInteractor.m */,
				65F8FDA82A57C57800C4E686 /* FRCityInterface.h */,
				65F8FD872A57C29200C4E686 /* FRCityPresenter.h */,
				65F8FD882A57C29200C4E686 /* FRCityPresenter.m */,
				65F8FDAC2A57C62300C4E686 /* FRCityViewController.h */,
				65F8FDAD2A57C62300C4E686 /* FRCityViewController.m */,
			);
			path = City;
			sourceTree = "<group>";
		};
		65F8FD6A2A575D4200C4E686 /* Settings */ = {
			isa = PBXGroup;
			children = (
				65F8FD962A57C3A900C4E686 /* FRSettingsConfigurator.h */,
				65F8FD972A57C3A900C4E686 /* FRSettingsConfigurator.m */,
				65F8FD9F2A57C48E00C4E686 /* FRSettingsInteractor.h */,
				65F8FDA02A57C48E00C4E686 /* FRSettingsInteractor.m */,
				65F8FDA92A57C59000C4E686 /* FRSettingsInterface.h */,
				65F8FD9C2A57C46F00C4E686 /* FRSettingsPresenter.h */,
				65F8FD9D2A57C46F00C4E686 /* FRSettingsPresenter.m */,
				65F8FDAF2A57C62E00C4E686 /* FRSettingsViewController.h */,
				65F8FDB02A57C62E00C4E686 /* FRSettingsViewController.m */,
			);
			path = Settings;
			sourceTree = "<group>";
		};
		65F8FD6B2A575D4E00C4E686 /* User */ = {
			isa = PBXGroup;
			children = (
				65F8FD932A57C39E00C4E686 /* FRUserConfigurator.h */,
				65F8FD942A57C39E00C4E686 /* FRUserConfigurator.m */,
				65F8FDA52A57C4BF00C4E686 /* FRUserInteractor.h */,
				65F8FDA62A57C4BF00C4E686 /* FRUserInteractor.m */,
				65F8FDAA2A57C5EE00C4E686 /* FRUserInterface.h */,
				65F8FDA22A57C4AE00C4E686 /* FRUserPresenter.h */,
				65F8FDA32A57C4AE00C4E686 /* FRUserPresenter.m */,
				65F8FDB22A57C63B00C4E686 /* FRUserViewController.h */,
				65F8FDB32A57C63B00C4E686 /* FRUserViewController.m */,
			);
			path = User;
			sourceTree = "<group>";
		};
		65F8FD6C2A575D5500C4E686 /* Home */ = {
			isa = PBXGroup;
			children = (
				65F8FD902A57C38E00C4E686 /* FRHomeConfigurator.h */,
				65F8FD912A57C38E00C4E686 /* FRHomeConfigurator.m */,
				65F8FD842A57C27400C4E686 /* FRHomeInteractor.h */,
				65F8FD852A57C27400C4E686 /* FRHomeInteractor.m */,
				65F8FDAB2A57C5FC00C4E686 /* FRHomeInterface.h */,
				65F8FD812A57C1C100C4E686 /* FRHomePresenter.h */,
				65F8FD822A57C1C100C4E686 /* FRHomePresenter.m */,
				65F8FDB52A57C64600C4E686 /* FRHomeViewController.h */,
				65F8FDB62A57C64600C4E686 /* FRHomeViewController.m */,
			);
			path = Home;
			sourceTree = "<group>";
		};
		65F8FDBA2A58103500C4E686 /* Resources */ = {
			isa = PBXGroup;
			children = (
				659F934E2A5756C3000F7E2B /* Assets.xcassets */,
				659F93542A5756C3000F7E2B /* main.m */,
				65F8FDBE2A58132C00C4E686 /* Mock.bundle */,
				65F8FDC12A58139200C4E686 /* UI */,
			);
			path = Resources;
			sourceTree = "<group>";
		};
		65F8FDC12A58139200C4E686 /* UI */ = {
			isa = PBXGroup;
			children = (
				659F93502A5756C3000F7E2B /* LaunchScreen.storyboard */,
			);
			name = UI;
			sourceTree = "<group>";
		};
		65F8FDC22A5819B500C4E686 /* Utils */ = {
			isa = PBXGroup;
			children = (
				65F8FDC42A581A3600C4E686 /* FRBundleProvider.h */,
				65F8FDC52A581A3600C4E686 /* FRBundleProvider.m */,
				65F8FE042A589C4D00C4E686 /* FRFeatureConfigurator.h */,
				65F8FDF92A58885F00C4E686 /* FRHelper.h */,
				65F8FDFA2A58885F00C4E686 /* FRHelper.m */,
				65F8FDF62A58515B00C4E686 /* FRNavigator.h */,
				65F8FDF72A58515B00C4E686 /* FRNavigator.m */,
			);
			path = Utils;
			sourceTree = "<group>";
		};
		65F8FE052A58B6C600C4E686 /* Vendor */ = {
			isa = PBXGroup;
			children = (
				65F8FE062A58B6FB00C4E686 /* NSObject+JSONModel.h */,
				65F8FE072A58B6FB00C4E686 /* NSObject+JSONModel.m */,
			);
			path = Vendor;
			sourceTree = "<group>";
		};
/* End PBXGroup section */

/* Begin PBXNativeTarget section */
		659F933E2A5756C3000F7E2B /* Reference-iOS-ObjC */ = {
			isa = PBXNativeTarget;
			buildConfigurationList = 659F936E2A5756C3000F7E2B /* Build configuration list for PBXNativeTarget "Reference-iOS-ObjC" */;
			buildPhases = (
				659F933B2A5756C3000F7E2B /* Sources */,
				659F933C2A5756C3000F7E2B /* Frameworks */,
				659F933D2A5756C3000F7E2B /* Resources */,
			);
			buildRules = (
			);
			dependencies = (
			);
			name = "Reference-iOS-ObjC";
			productName = "Reference-iOS-ObjC";
			productReference = 659F933F2A5756C3000F7E2B /* Reference-iOS-ObjC.app */;
			productType = "com.apple.product-type.application";
		};
		659F93592A5756C3000F7E2B /* Reference-iOS-ObjCTests */ = {
			isa = PBXNativeTarget;
			buildConfigurationList = 659F93712A5756C3000F7E2B /* Build configuration list for PBXNativeTarget "Reference-iOS-ObjCTests" */;
			buildPhases = (
				659F93562A5756C3000F7E2B /* Sources */,
				659F93572A5756C3000F7E2B /* Frameworks */,
				659F93582A5756C3000F7E2B /* Resources */,
			);
			buildRules = (
			);
			dependencies = (
				659F935C2A5756C3000F7E2B /* PBXTargetDependency */,
			);
			name = "Reference-iOS-ObjCTests";
			productName = "Reference-iOS-ObjCTests";
			productReference = 659F935A2A5756C3000F7E2B /* Reference-iOS-ObjCTests.xctest */;
			productType = "com.apple.product-type.bundle.unit-test";
		};
		659F93642A5756C3000F7E2B /* Reference-iOS-ObjCUITests */ = {
			isa = PBXNativeTarget;
			buildConfigurationList = 659F93742A5756C3000F7E2B /* Build configuration list for PBXNativeTarget "Reference-iOS-ObjCUITests" */;
			buildPhases = (
				659F93612A5756C3000F7E2B /* Sources */,
				659F93622A5756C3000F7E2B /* Frameworks */,
				659F93632A5756C3000F7E2B /* Resources */,
			);
			buildRules = (
			);
			dependencies = (
				659F93672A5756C3000F7E2B /* PBXTargetDependency */,
			);
			name = "Reference-iOS-ObjCUITests";
			productName = "Reference-iOS-ObjCUITests";
			productReference = 659F93652A5756C3000F7E2B /* Reference-iOS-ObjCUITests.xctest */;
			productType = "com.apple.product-type.bundle.ui-testing";
		};
/* End PBXNativeTarget section */

/* Begin PBXProject section */
		659F93372A5756C3000F7E2B /* Project object */ = {
			isa = PBXProject;
			attributes = {
				LastUpgradeCheck = 1130;
				ORGANIZATIONNAME = Fay;
				TargetAttributes = {
					659F933E2A5756C3000F7E2B = {
						CreatedOnToolsVersion = 11.3.1;
					};
					659F93592A5756C3000F7E2B = {
						CreatedOnToolsVersion = 11.3.1;
						TestTargetID = 659F933E2A5756C3000F7E2B;
					};
					659F93642A5756C3000F7E2B = {
						CreatedOnToolsVersion = 11.3.1;
						TestTargetID = 659F933E2A5756C3000F7E2B;
					};
				};
			};
			buildConfigurationList = 659F933A2A5756C3000F7E2B /* Build configuration list for PBXProject "Reference-iOS-ObjC" */;
			compatibilityVersion = "Xcode 9.3";
			developmentRegion = en;
			hasScannedForEncodings = 0;
			knownRegions = (
				en,
				Base,
			);
			mainGroup = 659F93362A5756C3000F7E2B;
			productRefGroup = 659F93402A5756C3000F7E2B /* Products */;
			projectDirPath = "";
			projectRoot = "";
			targets = (
				659F933E2A5756C3000F7E2B /* Reference-iOS-ObjC */,
				659F93592A5756C3000F7E2B /* Reference-iOS-ObjCTests */,
				659F93642A5756C3000F7E2B /* Reference-iOS-ObjCUITests */,
			);
		};
/* End PBXProject section */

/* Begin PBXResourcesBuildPhase section */
		659F933D2A5756C3000F7E2B /* Resources */ = {
			isa = PBXResourcesBuildPhase;
			buildActionMask = 2147483647;
			files = (
				659F93522A5756C3000F7E2B /* LaunchScreen.storyboard in Resources */,
				65F8FDBF2A58132C00C4E686 /* Mock.bundle in Resources */,
				659F934F2A5756C3000F7E2B /* Assets.xcassets in Resources */,
			);
			runOnlyForDeploymentPostprocessing = 0;
		};
		659F93582A5756C3000F7E2B /* Resources */ = {
			isa = PBXResourcesBuildPhase;
			buildActionMask = 2147483647;
			files = (
			);
			runOnlyForDeploymentPostprocessing = 0;
		};
		659F93632A5756C3000F7E2B /* Resources */ = {
			isa = PBXResourcesBuildPhase;
			buildActionMask = 2147483647;
			files = (
			);
			runOnlyForDeploymentPostprocessing = 0;
		};
/* End PBXResourcesBuildPhase section */

/* Begin PBXSourcesBuildPhase section */
		659F933B2A5756C3000F7E2B /* Sources */ = {
			isa = PBXSourcesBuildPhase;
			buildActionMask = 2147483647;
			files = (
				65F8FDC62A581A3600C4E686 /* FRBundleProvider.m in Sources */,
				65F8FDAE2A57C62300C4E686 /* FRCityViewController.m in Sources */,
				65F8FD9E2A57C46F00C4E686 /* FRSettingsPresenter.m in Sources */,
				65F8FD862A57C27400C4E686 /* FRHomeInteractor.m in Sources */,
				65F8FD802A57B06100C4E686 /* FRNetworkManager.m in Sources */,
				65F8FDA72A57C4BF00C4E686 /* FRUserInteractor.m in Sources */,
				65F8FD6F2A575DC500C4E686 /* FRWeatherResponse.m in Sources */,
				65F8FD722A575E1200C4E686 /* FRUserResponse.m in Sources */,
				65F8FD952A57C39E00C4E686 /* FRUserConfigurator.m in Sources */,
				65F8FDA42A57C4AE00C4E686 /* FRUserPresenter.m in Sources */,
				65AA0C262A5983B900FE3AA0 /* UIColor+FRColor.m in Sources */,
				65F8FD8C2A57C2A600C4E686 /* FRCityInteractor.m in Sources */,
				659F93442A5756C3000F7E2B /* AppDelegate.m in Sources */,
				65F8FDF82A58515B00C4E686 /* FRNavigator.m in Sources */,
				65F8FD922A57C38E00C4E686 /* FRHomeConfigurator.m in Sources */,
				659F93552A5756C3000F7E2B /* main.m in Sources */,
				65F8FE082A58B6FB00C4E686 /* NSObject+JSONModel.m in Sources */,
				65F8FD982A57C3A900C4E686 /* FRSettingsConfigurator.m in Sources */,
				65F8FD892A57C29200C4E686 /* FRCityPresenter.m in Sources */,
				65AA0C222A5975E800FE3AA0 /* UIColor+FRHex.m in Sources */,
				65F8FD752A575E2300C4E686 /* FRCityResponse.m in Sources */,
				65F8FDB72A57C64600C4E686 /* FRHomeViewController.m in Sources */,
				65F8FDB42A57C63B00C4E686 /* FRUserViewController.m in Sources */,
				65F8FDFB2A58885F00C4E686 /* FRHelper.m in Sources */,
				65F8FD832A57C1C100C4E686 /* FRHomePresenter.m in Sources */,
				65F8FD8F2A57C38100C4E686 /* FRCityConfigurator.m in Sources */,
				65F8FDA12A57C48E00C4E686 /* FRSettingsInteractor.m in Sources */,
				65F8FDB12A57C62E00C4E686 /* FRSettingsViewController.m in Sources */,
			);
			runOnlyForDeploymentPostprocessing = 0;
		};
		659F93562A5756C3000F7E2B /* Sources */ = {
			isa = PBXSourcesBuildPhase;
			buildActionMask = 2147483647;
			files = (
				659F935F2A5756C3000F7E2B /* Reference_iOS_ObjCTests.m in Sources */,
			);
			runOnlyForDeploymentPostprocessing = 0;
		};
		659F93612A5756C3000F7E2B /* Sources */ = {
			isa = PBXSourcesBuildPhase;
			buildActionMask = 2147483647;
			files = (
				659F936A2A5756C3000F7E2B /* Reference_iOS_ObjCUITests.m in Sources */,
			);
			runOnlyForDeploymentPostprocessing = 0;
		};
/* End PBXSourcesBuildPhase section */

/* Begin PBXTargetDependency section */
		659F935C2A5756C3000F7E2B /* PBXTargetDependency */ = {
			isa = PBXTargetDependency;
			target = 659F933E2A5756C3000F7E2B /* Reference-iOS-ObjC */;
			targetProxy = 659F935B2A5756C3000F7E2B /* PBXContainerItemProxy */;
		};
		659F93672A5756C3000F7E2B /* PBXTargetDependency */ = {
			isa = PBXTargetDependency;
			target = 659F933E2A5756C3000F7E2B /* Reference-iOS-ObjC */;
			targetProxy = 659F93662A5756C3000F7E2B /* PBXContainerItemProxy */;
		};
/* End PBXTargetDependency section */

/* Begin PBXVariantGroup section */
		659F93502A5756C3000F7E2B /* LaunchScreen.storyboard */ = {
			isa = PBXVariantGroup;
			children = (
				659F93512A5756C3000F7E2B /* Base */,
			);
			name = LaunchScreen.storyboard;
			sourceTree = "<group>";
		};
/* End PBXVariantGroup section */

/* Begin XCBuildConfiguration section */
		659F936C2A5756C3000F7E2B /* Debug */ = {
			isa = XCBuildConfiguration;
			buildSettings = {
				ALWAYS_SEARCH_USER_PATHS = NO;
				CLANG_ANALYZER_NONNULL = YES;
				CLANG_ANALYZER_NUMBER_OBJECT_CONVERSION = YES_AGGRESSIVE;
				CLANG_CXX_LANGUAGE_STANDARD = "gnu++14";
				CLANG_CXX_LIBRARY = "libc++";
				CLANG_ENABLE_MODULES = YES;
				CLANG_ENABLE_OBJC_ARC = YES;
				CLANG_ENABLE_OBJC_WEAK = YES;
				CLANG_WARN_BLOCK_CAPTURE_AUTORELEASING = YES;
				CLANG_WARN_BOOL_CONVERSION = YES;
				CLANG_WARN_COMMA = YES;
				CLANG_WARN_CONSTANT_CONVERSION = YES;
				CLANG_WARN_DEPRECATED_OBJC_IMPLEMENTATIONS = YES;
				CLANG_WARN_DIRECT_OBJC_ISA_USAGE = YES_ERROR;
				CLANG_WARN_DOCUMENTATION_COMMENTS = YES;
				CLANG_WARN_EMPTY_BODY = YES;
				CLANG_WARN_ENUM_CONVERSION = YES;
				CLANG_WARN_INFINITE_RECURSION = YES;
				CLANG_WARN_INT_CONVERSION = YES;
				CLANG_WARN_NON_LITERAL_NULL_CONVERSION = YES;
				CLANG_WARN_OBJC_IMPLICIT_RETAIN_SELF = YES;
				CLANG_WARN_OBJC_LITERAL_CONVERSION = YES;
				CLANG_WARN_OBJC_ROOT_CLASS = YES_ERROR;
				CLANG_WARN_RANGE_LOOP_ANALYSIS = YES;
				CLANG_WARN_STRICT_PROTOTYPES = YES;
				CLANG_WARN_SUSPICIOUS_MOVE = YES;
				CLANG_WARN_UNGUARDED_AVAILABILITY = YES_AGGRESSIVE;
				CLANG_WARN_UNREACHABLE_CODE = YES;
				CLANG_WARN__DUPLICATE_METHOD_MATCH = YES;
				COPY_PHASE_STRIP = NO;
				DEBUG_INFORMATION_FORMAT = dwarf;
				ENABLE_STRICT_OBJC_MSGSEND = YES;
				ENABLE_TESTABILITY = YES;
				GCC_C_LANGUAGE_STANDARD = gnu11;
				GCC_DYNAMIC_NO_PIC = NO;
				GCC_NO_COMMON_BLOCKS = YES;
				GCC_OPTIMIZATION_LEVEL = 0;
				GCC_PREPROCESSOR_DEFINITIONS = (
					"DEBUG=1",
					"$(inherited)",
				);
				GCC_WARN_64_TO_32_BIT_CONVERSION = YES;
				GCC_WARN_ABOUT_RETURN_TYPE = YES_ERROR;
				GCC_WARN_UNDECLARED_SELECTOR = YES;
				GCC_WARN_UNINITIALIZED_AUTOS = YES_AGGRESSIVE;
				GCC_WARN_UNUSED_FUNCTION = YES;
				GCC_WARN_UNUSED_VARIABLE = YES;
				IPHONEOS_DEPLOYMENT_TARGET = 13.2;
				MTL_ENABLE_DEBUG_INFO = INCLUDE_SOURCE;
				MTL_FAST_MATH = YES;
				ONLY_ACTIVE_ARCH = YES;
				SDKROOT = iphoneos;
			};
			name = Debug;
		};
		659F936D2A5756C3000F7E2B /* Release */ = {
			isa = XCBuildConfiguration;
			buildSettings = {
				ALWAYS_SEARCH_USER_PATHS = NO;
				CLANG_ANALYZER_NONNULL = YES;
				CLANG_ANALYZER_NUMBER_OBJECT_CONVERSION = YES_AGGRESSIVE;
				CLANG_CXX_LANGUAGE_STANDARD = "gnu++14";
				CLANG_CXX_LIBRARY = "libc++";
				CLANG_ENABLE_MODULES = YES;
				CLANG_ENABLE_OBJC_ARC = YES;
				CLANG_ENABLE_OBJC_WEAK = YES;
				CLANG_WARN_BLOCK_CAPTURE_AUTORELEASING = YES;
				CLANG_WARN_BOOL_CONVERSION = YES;
				CLANG_WARN_COMMA = YES;
				CLANG_WARN_CONSTANT_CONVERSION = YES;
				CLANG_WARN_DEPRECATED_OBJC_IMPLEMENTATIONS = YES;
				CLANG_WARN_DIRECT_OBJC_ISA_USAGE = YES_ERROR;
				CLANG_WARN_DOCUMENTATION_COMMENTS = YES;
				CLANG_WARN_EMPTY_BODY = YES;
				CLANG_WARN_ENUM_CONVERSION = YES;
				CLANG_WARN_INFINITE_RECURSION = YES;
				CLANG_WARN_INT_CONVERSION = YES;
				CLANG_WARN_NON_LITERAL_NULL_CONVERSION = YES;
				CLANG_WARN_OBJC_IMPLICIT_RETAIN_SELF = YES;
				CLANG_WARN_OBJC_LITERAL_CONVERSION = YES;
				CLANG_WARN_OBJC_ROOT_CLASS = YES_ERROR;
				CLANG_WARN_RANGE_LOOP_ANALYSIS = YES;
				CLANG_WARN_STRICT_PROTOTYPES = YES;
				CLANG_WARN_SUSPICIOUS_MOVE = YES;
				CLANG_WARN_UNGUARDED_AVAILABILITY = YES_AGGRESSIVE;
				CLANG_WARN_UNREACHABLE_CODE = YES;
				CLANG_WARN__DUPLICATE_METHOD_MATCH = YES;
				COPY_PHASE_STRIP = NO;
				DEBUG_INFORMATION_FORMAT = "dwarf-with-dsym";
				ENABLE_NS_ASSERTIONS = NO;
				ENABLE_STRICT_OBJC_MSGSEND = YES;
				GCC_C_LANGUAGE_STANDARD = gnu11;
				GCC_NO_COMMON_BLOCKS = YES;
				GCC_WARN_64_TO_32_BIT_CONVERSION = YES;
				GCC_WARN_ABOUT_RETURN_TYPE = YES_ERROR;
				GCC_WARN_UNDECLARED_SELECTOR = YES;
				GCC_WARN_UNINITIALIZED_AUTOS = YES_AGGRESSIVE;
				GCC_WARN_UNUSED_FUNCTION = YES;
				GCC_WARN_UNUSED_VARIABLE = YES;
				IPHONEOS_DEPLOYMENT_TARGET = 13.2;
				MTL_ENABLE_DEBUG_INFO = NO;
				MTL_FAST_MATH = YES;
				SDKROOT = iphoneos;
				VALIDATE_PRODUCT = YES;
			};
			name = Release;
		};
		659F936F2A5756C3000F7E2B /* Debug */ = {
			isa = XCBuildConfiguration;
			buildSettings = {
				ASSETCATALOG_COMPILER_APPICON_NAME = AppIcon;
				CODE_SIGN_STYLE = Automatic;
				INFOPLIST_FILE = "Reference-iOS-ObjC/Info.plist";
				LD_RUNPATH_SEARCH_PATHS = (
					"$(inherited)",
					"@executable_path/Frameworks",
				);
				PRODUCT_BUNDLE_IDENTIFIER = xyz.fay.reference;
				PRODUCT_NAME = "$(TARGET_NAME)";
				TARGETED_DEVICE_FAMILY = 1;
			};
			name = Debug;
		};
		659F93702A5756C3000F7E2B /* Release */ = {
			isa = XCBuildConfiguration;
			buildSettings = {
				ASSETCATALOG_COMPILER_APPICON_NAME = AppIcon;
				CODE_SIGN_STYLE = Automatic;
				INFOPLIST_FILE = "Reference-iOS-ObjC/Info.plist";
				LD_RUNPATH_SEARCH_PATHS = (
					"$(inherited)",
					"@executable_path/Frameworks",
				);
				PRODUCT_BUNDLE_IDENTIFIER = xyz.fay.reference;
				PRODUCT_NAME = "$(TARGET_NAME)";
				TARGETED_DEVICE_FAMILY = 1;
			};
			name = Release;
		};
		659F93722A5756C3000F7E2B /* Debug */ = {
			isa = XCBuildConfiguration;
			buildSettings = {
				BUNDLE_LOADER = "$(TEST_HOST)";
				CODE_SIGN_STYLE = Automatic;
				INFOPLIST_FILE = "Reference-iOS-ObjCTests/Info.plist";
				IPHONEOS_DEPLOYMENT_TARGET = 13.2;
				LD_RUNPATH_SEARCH_PATHS = (
					"$(inherited)",
					"@executable_path/Frameworks",
					"@loader_path/Frameworks",
				);
				PRODUCT_BUNDLE_IDENTIFIER = "xyz.fay.Reference-iOS-ObjCTests";
				PRODUCT_NAME = "$(TARGET_NAME)";
				TARGETED_DEVICE_FAMILY = "1,2";
				TEST_HOST = "$(BUILT_PRODUCTS_DIR)/Reference-iOS-ObjC.app/Reference-iOS-ObjC";
			};
			name = Debug;
		};
		659F93732A5756C3000F7E2B /* Release */ = {
			isa = XCBuildConfiguration;
			buildSettings = {
				BUNDLE_LOADER = "$(TEST_HOST)";
				CODE_SIGN_STYLE = Automatic;
				INFOPLIST_FILE = "Reference-iOS-ObjCTests/Info.plist";
				IPHONEOS_DEPLOYMENT_TARGET = 13.2;
				LD_RUNPATH_SEARCH_PATHS = (
					"$(inherited)",
					"@executable_path/Frameworks",
					"@loader_path/Frameworks",
				);
				PRODUCT_BUNDLE_IDENTIFIER = "xyz.fay.Reference-iOS-ObjCTests";
				PRODUCT_NAME = "$(TARGET_NAME)";
				TARGETED_DEVICE_FAMILY = "1,2";
				TEST_HOST = "$(BUILT_PRODUCTS_DIR)/Reference-iOS-ObjC.app/Reference-iOS-ObjC";
			};
			name = Release;
		};
		659F93752A5756C3000F7E2B /* Debug */ = {
			isa = XCBuildConfiguration;
			buildSettings = {
				CODE_SIGN_STYLE = Automatic;
				INFOPLIST_FILE = "Reference-iOS-ObjCUITests/Info.plist";
				LD_RUNPATH_SEARCH_PATHS = (
					"$(inherited)",
					"@executable_path/Frameworks",
					"@loader_path/Frameworks",
				);
				PRODUCT_BUNDLE_IDENTIFIER = "xyz.fay.Reference-iOS-ObjCUITests";
				PRODUCT_NAME = "$(TARGET_NAME)";
				TARGETED_DEVICE_FAMILY = "1,2";
				TEST_TARGET_NAME = "Reference-iOS-ObjC";
			};
			name = Debug;
		};
		659F93762A5756C3000F7E2B /* Release */ = {
			isa = XCBuildConfiguration;
			buildSettings = {
				CODE_SIGN_STYLE = Automatic;
				INFOPLIST_FILE = "Reference-iOS-ObjCUITests/Info.plist";
				LD_RUNPATH_SEARCH_PATHS = (
					"$(inherited)",
					"@executable_path/Frameworks",
					"@loader_path/Frameworks",
				);
				PRODUCT_BUNDLE_IDENTIFIER = "xyz.fay.Reference-iOS-ObjCUITests";
				PRODUCT_NAME = "$(TARGET_NAME)";
				TARGETED_DEVICE_FAMILY = "1,2";
				TEST_TARGET_NAME = "Reference-iOS-ObjC";
			};
			name = Release;
		};
/* End XCBuildConfiguration section */

/* Begin XCConfigurationList section */
		659F933A2A5756C3000F7E2B /* Build configuration list for PBXProject "Reference-iOS-ObjC" */ = {
			isa = XCConfigurationList;
			buildConfigurations = (
				659F936C2A5756C3000F7E2B /* Debug */,
				659F936D2A5756C3000F7E2B /* Release */,
			);
			defaultConfigurationIsVisible = 0;
			defaultConfigurationName = Release;
		};
		659F936E2A5756C3000F7E2B /* Build configuration list for PBXNativeTarget "Reference-iOS-ObjC" */ = {
			isa = XCConfigurationList;
			buildConfigurations = (
				659F936F2A5756C3000F7E2B /* Debug */,
				659F93702A5756C3000F7E2B /* Release */,
			);
			defaultConfigurationIsVisible = 0;
			defaultConfigurationName = Release;
		};
		659F93712A5756C3000F7E2B /* Build configuration list for PBXNativeTarget "Reference-iOS-ObjCTests" */ = {
			isa = XCConfigurationList;
			buildConfigurations = (
				659F93722A5756C3000F7E2B /* Debug */,
				659F93732A5756C3000F7E2B /* Release */,
			);
			defaultConfigurationIsVisible = 0;
			defaultConfigurationName = Release;
		};
		659F93742A5756C3000F7E2B /* Build configuration list for PBXNativeTarget "Reference-iOS-ObjCUITests" */ = {
			isa = XCConfigurationList;
			buildConfigurations = (
				659F93752A5756C3000F7E2B /* Debug */,
				659F93762A5756C3000F7E2B /* Release */,
			);
			defaultConfigurationIsVisible = 0;
			defaultConfigurationName = Release;
		};
/* End XCConfigurationList section */
	};
	rootObject = 659F93372A5756C3000F7E2B /* Project object */;
}
